// !$*UTF8*$!
{
	archiveVersion = 1;
	classes = {
	};
	objectVersion = 55;
	objects = {

/* Begin PBXBuildFile section */
		111FE23C27D0F41C003D9098 /* UIButton+Color.swift in Sources */ = {isa = PBXBuildFile; fileRef = 111FE23B27D0F41C003D9098 /* UIButton+Color.swift */; };
		111FE23E27D10872003D9098 /* UIViewController+HideKeyboard.swift in Sources */ = {isa = PBXBuildFile; fileRef = 111FE23D27D10872003D9098 /* UIViewController+HideKeyboard.swift */; };
		116DB0C127EC6DD000FC9E49 /* GCDManager.swift in Sources */ = {isa = PBXBuildFile; fileRef = 116DB0C027EC6DD000FC9E49 /* GCDManager.swift */; };
		116DB0C627ECBAA100FC9E49 /* WriteOperation.swift in Sources */ = {isa = PBXBuildFile; fileRef = 116DB0C527ECBAA100FC9E49 /* WriteOperation.swift */; };
		116E9DF327D9CF6C003AF977 /* ConversationsListViewController.swift in Sources */ = {isa = PBXBuildFile; fileRef = 116E9DF227D9CF6C003AF977 /* ConversationsListViewController.swift */; };
		116E9DF527D9D03C003AF977 /* ConversationsListView.swift in Sources */ = {isa = PBXBuildFile; fileRef = 116E9DF427D9D03C003AF977 /* ConversationsListView.swift */; };
		116E9DF727D9D20B003AF977 /* ConversationListCell.swift in Sources */ = {isa = PBXBuildFile; fileRef = 116E9DF627D9D20B003AF977 /* ConversationListCell.swift */; };
		116E9DF927D9D344003AF977 /* ConversationListCellModel.swift in Sources */ = {isa = PBXBuildFile; fileRef = 116E9DF827D9D344003AF977 /* ConversationListCellModel.swift */; };
		116E9DFB27D9D3CE003AF977 /* Constants.swift in Sources */ = {isa = PBXBuildFile; fileRef = 116E9DFA27D9D3CE003AF977 /* Constants.swift */; };
		116E9DFE27DA0586003AF977 /* Conversation.swift in Sources */ = {isa = PBXBuildFile; fileRef = 116E9DFD27DA0586003AF977 /* Conversation.swift */; };
		116E9E0027DA0762003AF977 /* ConversationsDataManager.swift in Sources */ = {isa = PBXBuildFile; fileRef = 116E9DFF27DA0762003AF977 /* ConversationsDataManager.swift */; };
		116E9E0627DA23FC003AF977 /* ConversationViewController.swift in Sources */ = {isa = PBXBuildFile; fileRef = 116E9E0527DA23FC003AF977 /* ConversationViewController.swift */; };
		116E9E0827DA2425003AF977 /* ConversationView.swift in Sources */ = {isa = PBXBuildFile; fileRef = 116E9E0727DA2425003AF977 /* ConversationView.swift */; };
		116E9E0A27DA25F6003AF977 /* ConversationViewCell.swift in Sources */ = {isa = PBXBuildFile; fileRef = 116E9E0927DA25F6003AF977 /* ConversationViewCell.swift */; };
		116E9E0C27DA294D003AF977 /* ConversationCellModel.swift in Sources */ = {isa = PBXBuildFile; fileRef = 116E9E0B27DA294D003AF977 /* ConversationCellModel.swift */; };
		11873E6527E32CFD0072FE5B /* CustomColors.swift in Sources */ = {isa = PBXBuildFile; fileRef = 11873E6427E32CFD0072FE5B /* CustomColors.swift */; };
		11873E6827E32FE70072FE5B /* Theme.swift in Sources */ = {isa = PBXBuildFile; fileRef = 11873E6727E32FE70072FE5B /* Theme.swift */; };
		11873E6A27E3313B0072FE5B /* ClassicTheme.swift in Sources */ = {isa = PBXBuildFile; fileRef = 11873E6927E3313B0072FE5B /* ClassicTheme.swift */; };
		11873E6C27E331DF0072FE5B /* NightTheme.swift in Sources */ = {isa = PBXBuildFile; fileRef = 11873E6B27E331DF0072FE5B /* NightTheme.swift */; };
		11873E6E27E3322F0072FE5B /* DayTheme.swift in Sources */ = {isa = PBXBuildFile; fileRef = 11873E6D27E3322F0072FE5B /* DayTheme.swift */; };
		11873E7327E333A90072FE5B /* ThemesViewController.swift in Sources */ = {isa = PBXBuildFile; fileRef = 11873E7227E333A90072FE5B /* ThemesViewController.swift */; };
		11873E7527E333DD0072FE5B /* ThemesView.swift in Sources */ = {isa = PBXBuildFile; fileRef = 11873E7427E333DD0072FE5B /* ThemesView.swift */; };
		11A8556E27C807FE0005514D /* ProfileViewController.swift in Sources */ = {isa = PBXBuildFile; fileRef = 11A8556D27C807FE0005514D /* ProfileViewController.swift */; };
		11A8557027C80F720005514D /* ProfileView.swift in Sources */ = {isa = PBXBuildFile; fileRef = 11A8556F27C80F720005514D /* ProfileView.swift */; };
		11A8557227C813020005514D /* UIColor+HEX.swift in Sources */ = {isa = PBXBuildFile; fileRef = 11A8557127C813020005514D /* UIColor+HEX.swift */; };
		11A8557427C8188D0005514D /* UIView+Nib.swift in Sources */ = {isa = PBXBuildFile; fileRef = 11A8557327C8188D0005514D /* UIView+Nib.swift */; };
		11CC1EBF27C69DC200450552 /* Logger.swift in Sources */ = {isa = PBXBuildFile; fileRef = 11CC1EBE27C69DC200450552 /* Logger.swift */; };
		11D7FA7227E358D5003A3303 /* ThemeManager.swift in Sources */ = {isa = PBXBuildFile; fileRef = 11D7FA7127E358D4003A3303 /* ThemeManager.swift */; };
		11D7FA7427E36463003A3303 /* Themes.swift in Sources */ = {isa = PBXBuildFile; fileRef = 11D7FA7327E36463003A3303 /* Themes.swift */; };
		11DEFF4E27BEEDA800688EE4 /* AppDelegate.swift in Sources */ = {isa = PBXBuildFile; fileRef = 11DEFF4D27BEEDA800688EE4 /* AppDelegate.swift */; };
		11DEFF5727BEEDA900688EE4 /* Assets.xcassets in Resources */ = {isa = PBXBuildFile; fileRef = 11DEFF5627BEEDA900688EE4 /* Assets.xcassets */; };
		11DEFF5A27BEEDA900688EE4 /* LaunchScreen.storyboard in Resources */ = {isa = PBXBuildFile; fileRef = 11DEFF5827BEEDA900688EE4 /* LaunchScreen.storyboard */; };
		11E717F327EADF4A00E963E6 /* ProfileDataManager.swift in Sources */ = {isa = PBXBuildFile; fileRef = 11E717F227EADF4A00E963E6 /* ProfileDataManager.swift */; };
		11E717F827EAE16200E963E6 /* JSONSerialization+JSONFile.swift in Sources */ = {isa = PBXBuildFile; fileRef = 11E717F727EAE16200E963E6 /* JSONSerialization+JSONFile.swift */; };
		11E717FA27EAE1DA00E963E6 /* Profile.swift in Sources */ = {isa = PBXBuildFile; fileRef = 11E717F927EAE1DA00E963E6 /* Profile.swift */; };
		11E717FE27EAE49500E963E6 /* Message.swift in Sources */ = {isa = PBXBuildFile; fileRef = 11E717FD27EAE49500E963E6 /* Message.swift */; };
/* End PBXBuildFile section */

/* Begin PBXFileReference section */
		111FE23B27D0F41C003D9098 /* UIButton+Color.swift */ = {isa = PBXFileReference; lastKnownFileType = sourcecode.swift; path = "UIButton+Color.swift"; sourceTree = "<group>"; };
		111FE23D27D10872003D9098 /* UIViewController+HideKeyboard.swift */ = {isa = PBXFileReference; lastKnownFileType = sourcecode.swift; path = "UIViewController+HideKeyboard.swift"; sourceTree = "<group>"; };
		116DB0C027EC6DD000FC9E49 /* GCDManager.swift */ = {isa = PBXFileReference; lastKnownFileType = sourcecode.swift; path = GCDManager.swift; sourceTree = "<group>"; };
		116DB0C527ECBAA100FC9E49 /* WriteOperation.swift */ = {isa = PBXFileReference; lastKnownFileType = sourcecode.swift; path = WriteOperation.swift; sourceTree = "<group>"; };
		116E9DF227D9CF6C003AF977 /* ConversationsListViewController.swift */ = {isa = PBXFileReference; lastKnownFileType = sourcecode.swift; path = ConversationsListViewController.swift; sourceTree = "<group>"; };
		116E9DF427D9D03C003AF977 /* ConversationsListView.swift */ = {isa = PBXFileReference; lastKnownFileType = sourcecode.swift; path = ConversationsListView.swift; sourceTree = "<group>"; };
		116E9DF627D9D20B003AF977 /* ConversationListCell.swift */ = {isa = PBXFileReference; lastKnownFileType = sourcecode.swift; path = ConversationListCell.swift; sourceTree = "<group>"; };
		116E9DF827D9D344003AF977 /* ConversationListCellModel.swift */ = {isa = PBXFileReference; lastKnownFileType = sourcecode.swift; path = ConversationListCellModel.swift; sourceTree = "<group>"; };
		116E9DFA27D9D3CE003AF977 /* Constants.swift */ = {isa = PBXFileReference; lastKnownFileType = sourcecode.swift; path = Constants.swift; sourceTree = "<group>"; };
		116E9DFD27DA0586003AF977 /* Conversation.swift */ = {isa = PBXFileReference; lastKnownFileType = sourcecode.swift; path = Conversation.swift; sourceTree = "<group>"; };
		116E9DFF27DA0762003AF977 /* ConversationsDataManager.swift */ = {isa = PBXFileReference; lastKnownFileType = sourcecode.swift; path = ConversationsDataManager.swift; sourceTree = "<group>"; };
		116E9E0527DA23FC003AF977 /* ConversationViewController.swift */ = {isa = PBXFileReference; lastKnownFileType = sourcecode.swift; path = ConversationViewController.swift; sourceTree = "<group>"; };
		116E9E0727DA2425003AF977 /* ConversationView.swift */ = {isa = PBXFileReference; lastKnownFileType = sourcecode.swift; path = ConversationView.swift; sourceTree = "<group>"; };
		116E9E0927DA25F6003AF977 /* ConversationViewCell.swift */ = {isa = PBXFileReference; lastKnownFileType = sourcecode.swift; path = ConversationViewCell.swift; sourceTree = "<group>"; };
		116E9E0B27DA294D003AF977 /* ConversationCellModel.swift */ = {isa = PBXFileReference; lastKnownFileType = sourcecode.swift; path = ConversationCellModel.swift; sourceTree = "<group>"; };
		11873E6427E32CFD0072FE5B /* CustomColors.swift */ = {isa = PBXFileReference; lastKnownFileType = sourcecode.swift; path = CustomColors.swift; sourceTree = "<group>"; };
		11873E6727E32FE70072FE5B /* Theme.swift */ = {isa = PBXFileReference; lastKnownFileType = sourcecode.swift; path = Theme.swift; sourceTree = "<group>"; };
		11873E6927E3313B0072FE5B /* ClassicTheme.swift */ = {isa = PBXFileReference; lastKnownFileType = sourcecode.swift; path = ClassicTheme.swift; sourceTree = "<group>"; };
		11873E6B27E331DF0072FE5B /* NightTheme.swift */ = {isa = PBXFileReference; lastKnownFileType = sourcecode.swift; path = NightTheme.swift; sourceTree = "<group>"; };
		11873E6D27E3322F0072FE5B /* DayTheme.swift */ = {isa = PBXFileReference; lastKnownFileType = sourcecode.swift; path = DayTheme.swift; sourceTree = "<group>"; };
		11873E7227E333A90072FE5B /* ThemesViewController.swift */ = {isa = PBXFileReference; lastKnownFileType = sourcecode.swift; path = ThemesViewController.swift; sourceTree = "<group>"; };
		11873E7427E333DD0072FE5B /* ThemesView.swift */ = {isa = PBXFileReference; lastKnownFileType = sourcecode.swift; path = ThemesView.swift; sourceTree = "<group>"; };
		11A8556D27C807FE0005514D /* ProfileViewController.swift */ = {isa = PBXFileReference; lastKnownFileType = sourcecode.swift; path = ProfileViewController.swift; sourceTree = "<group>"; };
		11A8556F27C80F720005514D /* ProfileView.swift */ = {isa = PBXFileReference; lastKnownFileType = sourcecode.swift; path = ProfileView.swift; sourceTree = "<group>"; };
		11A8557127C813020005514D /* UIColor+HEX.swift */ = {isa = PBXFileReference; lastKnownFileType = sourcecode.swift; path = "UIColor+HEX.swift"; sourceTree = "<group>"; };
		11A8557327C8188D0005514D /* UIView+Nib.swift */ = {isa = PBXFileReference; lastKnownFileType = sourcecode.swift; path = "UIView+Nib.swift"; sourceTree = "<group>"; };
		11CC1EBE27C69DC200450552 /* Logger.swift */ = {isa = PBXFileReference; lastKnownFileType = sourcecode.swift; path = Logger.swift; sourceTree = "<group>"; };
		11D7FA7127E358D4003A3303 /* ThemeManager.swift */ = {isa = PBXFileReference; lastKnownFileType = sourcecode.swift; path = ThemeManager.swift; sourceTree = "<group>"; };
		11D7FA7327E36463003A3303 /* Themes.swift */ = {isa = PBXFileReference; lastKnownFileType = sourcecode.swift; path = Themes.swift; sourceTree = "<group>"; };
		11DEFF4A27BEEDA800688EE4 /* tinkoff-chat.app */ = {isa = PBXFileReference; explicitFileType = wrapper.application; includeInIndex = 0; path = "tinkoff-chat.app"; sourceTree = BUILT_PRODUCTS_DIR; };
		11DEFF4D27BEEDA800688EE4 /* AppDelegate.swift */ = {isa = PBXFileReference; lastKnownFileType = sourcecode.swift; path = AppDelegate.swift; sourceTree = "<group>"; };
		11DEFF5627BEEDA900688EE4 /* Assets.xcassets */ = {isa = PBXFileReference; lastKnownFileType = folder.assetcatalog; path = Assets.xcassets; sourceTree = "<group>"; };
		11DEFF5927BEEDA900688EE4 /* Base */ = {isa = PBXFileReference; lastKnownFileType = file.storyboard; name = Base; path = Base.lproj/LaunchScreen.storyboard; sourceTree = "<group>"; };
		11DEFF5B27BEEDA900688EE4 /* Info.plist */ = {isa = PBXFileReference; lastKnownFileType = text.plist.xml; path = Info.plist; sourceTree = "<group>"; };
		11E717F227EADF4A00E963E6 /* ProfileDataManager.swift */ = {isa = PBXFileReference; lastKnownFileType = sourcecode.swift; path = ProfileDataManager.swift; sourceTree = "<group>"; };
		11E717F727EAE16200E963E6 /* JSONSerialization+JSONFile.swift */ = {isa = PBXFileReference; lastKnownFileType = sourcecode.swift; path = "JSONSerialization+JSONFile.swift"; sourceTree = "<group>"; };
		11E717F927EAE1DA00E963E6 /* Profile.swift */ = {isa = PBXFileReference; lastKnownFileType = sourcecode.swift; path = Profile.swift; sourceTree = "<group>"; };
		11E717FD27EAE49500E963E6 /* Message.swift */ = {isa = PBXFileReference; lastKnownFileType = sourcecode.swift; path = Message.swift; sourceTree = "<group>"; };
/* End PBXFileReference section */

/* Begin PBXFrameworksBuildPhase section */
		11DEFF4727BEEDA800688EE4 /* Frameworks */ = {
			isa = PBXFrameworksBuildPhase;
			buildActionMask = 2147483647;
			files = (
			);
			runOnlyForDeploymentPostprocessing = 0;
		};
/* End PBXFrameworksBuildPhase section */

/* Begin PBXGroup section */
		116DB0C427ECBA8C00FC9E49 /* Operations */ = {
			isa = PBXGroup;
			children = (
				116DB0C527ECBAA100FC9E49 /* WriteOperation.swift */,
			);
			path = Operations;
			sourceTree = "<group>";
		};
		116E9DEF27D9CEBA003AF977 /* ConversationsList */ = {
			isa = PBXGroup;
			children = (
				116E9DF027D9CF48003AF977 /* Model */,
				116E9DF127D9CF4D003AF977 /* View */,
				116E9DF227D9CF6C003AF977 /* ConversationsListViewController.swift */,
			);
			path = ConversationsList;
			sourceTree = "<group>";
		};
		116E9DF027D9CF48003AF977 /* Model */ = {
			isa = PBXGroup;
			children = (
				116E9DF827D9D344003AF977 /* ConversationListCellModel.swift */,
			);
			path = Model;
			sourceTree = "<group>";
		};
		116E9DF127D9CF4D003AF977 /* View */ = {
			isa = PBXGroup;
			children = (
				116E9DF427D9D03C003AF977 /* ConversationsListView.swift */,
				116E9DF627D9D20B003AF977 /* ConversationListCell.swift */,
			);
			path = View;
			sourceTree = "<group>";
		};
		116E9DFC27DA0566003AF977 /* Models */ = {
			isa = PBXGroup;
			children = (
				11873E6627E32FCA0072FE5B /* Themes */,
				116E9DFA27D9D3CE003AF977 /* Constants.swift */,
				11873E6427E32CFD0072FE5B /* CustomColors.swift */,
				11E717FD27EAE49500E963E6 /* Message.swift */,
				116E9DFD27DA0586003AF977 /* Conversation.swift */,
				11E717F927EAE1DA00E963E6 /* Profile.swift */,
			);
			path = Models;
			sourceTree = "<group>";
		};
		116E9E0127DA23C4003AF977 /* Conversation */ = {
			isa = PBXGroup;
			children = (
				116E9E0227DA23CC003AF977 /* Model */,
				116E9E0327DA23D4003AF977 /* View */,
				116E9E0527DA23FC003AF977 /* ConversationViewController.swift */,
			);
			path = Conversation;
			sourceTree = "<group>";
		};
		116E9E0227DA23CC003AF977 /* Model */ = {
			isa = PBXGroup;
			children = (
				116E9E0B27DA294D003AF977 /* ConversationCellModel.swift */,
			);
			path = Model;
			sourceTree = "<group>";
		};
		116E9E0327DA23D4003AF977 /* View */ = {
			isa = PBXGroup;
			children = (
				116E9E0727DA2425003AF977 /* ConversationView.swift */,
				116E9E0927DA25F6003AF977 /* ConversationViewCell.swift */,
			);
			path = View;
			sourceTree = "<group>";
		};
		11873E6627E32FCA0072FE5B /* Themes */ = {
			isa = PBXGroup;
			children = (
				11D7FA7327E36463003A3303 /* Themes.swift */,
				11873E6727E32FE70072FE5B /* Theme.swift */,
				11873E6927E3313B0072FE5B /* ClassicTheme.swift */,
				11873E6D27E3322F0072FE5B /* DayTheme.swift */,
				11873E6B27E331DF0072FE5B /* NightTheme.swift */,
			);
			path = Themes;
			sourceTree = "<group>";
		};
		11873E6F27E333490072FE5B /* Themes */ = {
			isa = PBXGroup;
			children = (
				11873E7127E333850072FE5B /* Model */,
				11873E7027E333800072FE5B /* View */,
				11873E7227E333A90072FE5B /* ThemesViewController.swift */,
			);
			path = Themes;
			sourceTree = "<group>";
		};
		11873E7027E333800072FE5B /* View */ = {
			isa = PBXGroup;
			children = (
				11873E7427E333DD0072FE5B /* ThemesView.swift */,
			);
			path = View;
			sourceTree = "<group>";
		};
		11873E7127E333850072FE5B /* Model */ = {
			isa = PBXGroup;
			children = (
			);
			path = Model;
			sourceTree = "<group>";
		};
		11A8556827C807840005514D /* Profile */ = {
			isa = PBXGroup;
			children = (
				11A8556C27C807DF0005514D /* Model */,
				11A8556B27C807D70005514D /* View */,
				11A8556D27C807FE0005514D /* ProfileViewController.swift */,
			);
			path = Profile;
			sourceTree = "<group>";
		};
		11A8556B27C807D70005514D /* View */ = {
			isa = PBXGroup;
			children = (
				11A8556F27C80F720005514D /* ProfileView.swift */,
			);
			path = View;
			sourceTree = "<group>";
		};
		11A8556C27C807DF0005514D /* Model */ = {
			isa = PBXGroup;
			children = (
			);
			path = Model;
			sourceTree = "<group>";
		};
		11CC1EBB27C69D4B00450552 /* Services */ = {
			isa = PBXGroup;
			children = (
				116DB0C427ECBA8C00FC9E49 /* Operations */,
				11CC1EBE27C69DC200450552 /* Logger.swift */,
				11D7FA7127E358D4003A3303 /* ThemeManager.swift */,
				116E9DFF27DA0762003AF977 /* ConversationsDataManager.swift */,
				11E717F227EADF4A00E963E6 /* ProfileDataManager.swift */,
				116DB0C027EC6DD000FC9E49 /* GCDManager.swift */,
			);
			path = Services;
			sourceTree = "<group>";
		};
		11CC1EBC27C69D5400450552 /* Modules */ = {
			isa = PBXGroup;
			children = (
				11873E6F27E333490072FE5B /* Themes */,
				116E9E0127DA23C4003AF977 /* Conversation */,
				116E9DEF27D9CEBA003AF977 /* ConversationsList */,
				11A8556827C807840005514D /* Profile */,
				11DEFF4D27BEEDA800688EE4 /* AppDelegate.swift */,
			);
			path = Modules;
			sourceTree = "<group>";
		};
		11CC1EBD27C69D5E00450552 /* Extensions */ = {
			isa = PBXGroup;
			children = (
				11A8557127C813020005514D /* UIColor+HEX.swift */,
				11A8557327C8188D0005514D /* UIView+Nib.swift */,
				111FE23B27D0F41C003D9098 /* UIButton+Color.swift */,
				111FE23D27D10872003D9098 /* UIViewController+HideKeyboard.swift */,
				11E717F727EAE16200E963E6 /* JSONSerialization+JSONFile.swift */,
			);
			path = Extensions;
			sourceTree = "<group>";
		};
		11DEFF4127BEEDA800688EE4 = {
			isa = PBXGroup;
			children = (
				11DEFF4C27BEEDA800688EE4 /* tinkoff-chat */,
				11DEFF4B27BEEDA800688EE4 /* Products */,
			);
			sourceTree = "<group>";
		};
		11DEFF4B27BEEDA800688EE4 /* Products */ = {
			isa = PBXGroup;
			children = (
				11DEFF4A27BEEDA800688EE4 /* tinkoff-chat.app */,
			);
			name = Products;
			sourceTree = "<group>";
		};
		11DEFF4C27BEEDA800688EE4 /* tinkoff-chat */ = {
			isa = PBXGroup;
			children = (
				116E9DFC27DA0566003AF977 /* Models */,
				11CC1EBD27C69D5E00450552 /* Extensions */,
				11CC1EBB27C69D4B00450552 /* Services */,
				11CC1EBC27C69D5400450552 /* Modules */,
				11DEFF5627BEEDA900688EE4 /* Assets.xcassets */,
				11DEFF5827BEEDA900688EE4 /* LaunchScreen.storyboard */,
				11DEFF5B27BEEDA900688EE4 /* Info.plist */,
			);
			path = "tinkoff-chat";
			sourceTree = "<group>";
		};
/* End PBXGroup section */

/* Begin PBXNativeTarget section */
		11DEFF4927BEEDA800688EE4 /* tinkoff-chat */ = {
			isa = PBXNativeTarget;
			buildConfigurationList = 11DEFF5E27BEEDA900688EE4 /* Build configuration list for PBXNativeTarget "tinkoff-chat" */;
			buildPhases = (
				11DEFF4627BEEDA800688EE4 /* Sources */,
				11DEFF4727BEEDA800688EE4 /* Frameworks */,
				11DEFF4827BEEDA800688EE4 /* Resources */,
			);
			buildRules = (
			);
			dependencies = (
			);
			name = "tinkoff-chat";
			productName = "tinkoff-chat";
			productReference = 11DEFF4A27BEEDA800688EE4 /* tinkoff-chat.app */;
			productType = "com.apple.product-type.application";
		};
/* End PBXNativeTarget section */

/* Begin PBXProject section */
		11DEFF4227BEEDA800688EE4 /* Project object */ = {
			isa = PBXProject;
			attributes = {
				BuildIndependentTargetsInParallel = 1;
				LastSwiftUpdateCheck = 1310;
				LastUpgradeCheck = 1310;
				TargetAttributes = {
					11DEFF4927BEEDA800688EE4 = {
						CreatedOnToolsVersion = 13.1;
					};
				};
			};
			buildConfigurationList = 11DEFF4527BEEDA800688EE4 /* Build configuration list for PBXProject "tinkoff-chat" */;
			compatibilityVersion = "Xcode 13.0";
			developmentRegion = en;
			hasScannedForEncodings = 0;
			knownRegions = (
				en,
				Base,
			);
			mainGroup = 11DEFF4127BEEDA800688EE4;
			productRefGroup = 11DEFF4B27BEEDA800688EE4 /* Products */;
			projectDirPath = "";
			projectRoot = "";
			targets = (
				11DEFF4927BEEDA800688EE4 /* tinkoff-chat */,
			);
		};
/* End PBXProject section */

/* Begin PBXResourcesBuildPhase section */
		11DEFF4827BEEDA800688EE4 /* Resources */ = {
			isa = PBXResourcesBuildPhase;
			buildActionMask = 2147483647;
			files = (
				11DEFF5A27BEEDA900688EE4 /* LaunchScreen.storyboard in Resources */,
				11DEFF5727BEEDA900688EE4 /* Assets.xcassets in Resources */,
			);
			runOnlyForDeploymentPostprocessing = 0;
		};
/* End PBXResourcesBuildPhase section */

/* Begin PBXSourcesBuildPhase section */
		11DEFF4627BEEDA800688EE4 /* Sources */ = {
			isa = PBXSourcesBuildPhase;
			buildActionMask = 2147483647;
			files = (
				11A8557027C80F720005514D /* ProfileView.swift in Sources */,
				111FE23E27D10872003D9098 /* UIViewController+HideKeyboard.swift in Sources */,
				116E9DF927D9D344003AF977 /* ConversationListCellModel.swift in Sources */,
				116E9E0A27DA25F6003AF977 /* ConversationViewCell.swift in Sources */,
				11873E7327E333A90072FE5B /* ThemesViewController.swift in Sources */,
				116E9DF727D9D20B003AF977 /* ConversationListCell.swift in Sources */,
				11E717FE27EAE49500E963E6 /* Message.swift in Sources */,
				11E717F827EAE16200E963E6 /* JSONSerialization+JSONFile.swift in Sources */,
				116E9DF327D9CF6C003AF977 /* ConversationsListViewController.swift in Sources */,
				116DB0C627ECBAA100FC9E49 /* WriteOperation.swift in Sources */,
				11873E6827E32FE70072FE5B /* Theme.swift in Sources */,
				11E717FA27EAE1DA00E963E6 /* Profile.swift in Sources */,
				11873E6527E32CFD0072FE5B /* CustomColors.swift in Sources */,
				11CC1EBF27C69DC200450552 /* Logger.swift in Sources */,
				11873E7527E333DD0072FE5B /* ThemesView.swift in Sources */,
				11A8557427C8188D0005514D /* UIView+Nib.swift in Sources */,
				11873E6E27E3322F0072FE5B /* DayTheme.swift in Sources */,
				116E9DFB27D9D3CE003AF977 /* Constants.swift in Sources */,
				11D7FA7227E358D5003A3303 /* ThemeManager.swift in Sources */,
				116E9DFE27DA0586003AF977 /* Conversation.swift in Sources */,
				11A8556E27C807FE0005514D /* ProfileViewController.swift in Sources */,
				116E9E0627DA23FC003AF977 /* ConversationViewController.swift in Sources */,
				11E717F327EADF4A00E963E6 /* ProfileDataManager.swift in Sources */,
				116E9E0827DA2425003AF977 /* ConversationView.swift in Sources */,
				116DB0C127EC6DD000FC9E49 /* GCDManager.swift in Sources */,
				111FE23C27D0F41C003D9098 /* UIButton+Color.swift in Sources */,
				116E9E0C27DA294D003AF977 /* ConversationCellModel.swift in Sources */,
				11D7FA7427E36463003A3303 /* Themes.swift in Sources */,
				11873E6C27E331DF0072FE5B /* NightTheme.swift in Sources */,
				116E9DF527D9D03C003AF977 /* ConversationsListView.swift in Sources */,
				11DEFF4E27BEEDA800688EE4 /* AppDelegate.swift in Sources */,
				11873E6A27E3313B0072FE5B /* ClassicTheme.swift in Sources */,
				11A8557227C813020005514D /* UIColor+HEX.swift in Sources */,
				116E9E0027DA0762003AF977 /* ConversationsDataManager.swift in Sources */,
			);
			runOnlyForDeploymentPostprocessing = 0;
		};
/* End PBXSourcesBuildPhase section */

/* Begin PBXVariantGroup section */
		11DEFF5827BEEDA900688EE4 /* LaunchScreen.storyboard */ = {
			isa = PBXVariantGroup;
			children = (
				11DEFF5927BEEDA900688EE4 /* Base */,
			);
			name = LaunchScreen.storyboard;
			sourceTree = "<group>";
		};
/* End PBXVariantGroup section */

/* Begin XCBuildConfiguration section */
		11DEFF5C27BEEDA900688EE4 /* Debug */ = {
			isa = XCBuildConfiguration;
			buildSettings = {
				ALWAYS_SEARCH_USER_PATHS = NO;
				CLANG_ANALYZER_NONNULL = YES;
				CLANG_ANALYZER_NUMBER_OBJECT_CONVERSION = YES_AGGRESSIVE;
				CLANG_CXX_LANGUAGE_STANDARD = "gnu++17";
				CLANG_CXX_LIBRARY = "libc++";
				CLANG_ENABLE_MODULES = YES;
				CLANG_ENABLE_OBJC_ARC = YES;
				CLANG_ENABLE_OBJC_WEAK = YES;
				CLANG_WARN_BLOCK_CAPTURE_AUTORELEASING = YES;
				CLANG_WARN_BOOL_CONVERSION = YES;
				CLANG_WARN_COMMA = YES;
				CLANG_WARN_CONSTANT_CONVERSION = YES;
				CLANG_WARN_DEPRECATED_OBJC_IMPLEMENTATIONS = YES;
				CLANG_WARN_DIRECT_OBJC_ISA_USAGE = YES_ERROR;
				CLANG_WARN_DOCUMENTATION_COMMENTS = YES;
				CLANG_WARN_EMPTY_BODY = YES;
				CLANG_WARN_ENUM_CONVERSION = YES;
				CLANG_WARN_INFINITE_RECURSION = YES;
				CLANG_WARN_INT_CONVERSION = YES;
				CLANG_WARN_NON_LITERAL_NULL_CONVERSION = YES;
				CLANG_WARN_OBJC_IMPLICIT_RETAIN_SELF = YES;
				CLANG_WARN_OBJC_LITERAL_CONVERSION = YES;
				CLANG_WARN_OBJC_ROOT_CLASS = YES_ERROR;
				CLANG_WARN_QUOTED_INCLUDE_IN_FRAMEWORK_HEADER = YES;
				CLANG_WARN_RANGE_LOOP_ANALYSIS = YES;
				CLANG_WARN_STRICT_PROTOTYPES = YES;
				CLANG_WARN_SUSPICIOUS_MOVE = YES;
				CLANG_WARN_UNGUARDED_AVAILABILITY = YES_AGGRESSIVE;
				CLANG_WARN_UNREACHABLE_CODE = YES;
				CLANG_WARN__DUPLICATE_METHOD_MATCH = YES;
				COPY_PHASE_STRIP = NO;
				DEBUG_INFORMATION_FORMAT = dwarf;
				ENABLE_STRICT_OBJC_MSGSEND = YES;
				ENABLE_TESTABILITY = YES;
				GCC_C_LANGUAGE_STANDARD = gnu11;
				GCC_DYNAMIC_NO_PIC = NO;
				GCC_NO_COMMON_BLOCKS = YES;
				GCC_OPTIMIZATION_LEVEL = 0;
				GCC_PREPROCESSOR_DEFINITIONS = (
					"DEBUG=1",
					"$(inherited)",
				);
				GCC_WARN_64_TO_32_BIT_CONVERSION = YES;
				GCC_WARN_ABOUT_RETURN_TYPE = YES_ERROR;
				GCC_WARN_UNDECLARED_SELECTOR = YES;
				GCC_WARN_UNINITIALIZED_AUTOS = YES_AGGRESSIVE;
				GCC_WARN_UNUSED_FUNCTION = YES;
				GCC_WARN_UNUSED_VARIABLE = YES;
				IPHONEOS_DEPLOYMENT_TARGET = 13.0;
				MTL_ENABLE_DEBUG_INFO = INCLUDE_SOURCE;
				MTL_FAST_MATH = YES;
				ONLY_ACTIVE_ARCH = YES;
				SDKROOT = iphoneos;
				SWIFT_ACTIVE_COMPILATION_CONDITIONS = DEBUG;
				SWIFT_OPTIMIZATION_LEVEL = "-Onone";
			};
			name = Debug;
		};
		11DEFF5D27BEEDA900688EE4 /* Release */ = {
			isa = XCBuildConfiguration;
			buildSettings = {
				ALWAYS_SEARCH_USER_PATHS = NO;
				CLANG_ANALYZER_NONNULL = YES;
				CLANG_ANALYZER_NUMBER_OBJECT_CONVERSION = YES_AGGRESSIVE;
				CLANG_CXX_LANGUAGE_STANDARD = "gnu++17";
				CLANG_CXX_LIBRARY = "libc++";
				CLANG_ENABLE_MODULES = YES;
				CLANG_ENABLE_OBJC_ARC = YES;
				CLANG_ENABLE_OBJC_WEAK = YES;
				CLANG_WARN_BLOCK_CAPTURE_AUTORELEASING = YES;
				CLANG_WARN_BOOL_CONVERSION = YES;
				CLANG_WARN_COMMA = YES;
				CLANG_WARN_CONSTANT_CONVERSION = YES;
				CLANG_WARN_DEPRECATED_OBJC_IMPLEMENTATIONS = YES;
				CLANG_WARN_DIRECT_OBJC_ISA_USAGE = YES_ERROR;
				CLANG_WARN_DOCUMENTATION_COMMENTS = YES;
				CLANG_WARN_EMPTY_BODY = YES;
				CLANG_WARN_ENUM_CONVERSION = YES;
				CLANG_WARN_INFINITE_RECURSION = YES;
				CLANG_WARN_INT_CONVERSION = YES;
				CLANG_WARN_NON_LITERAL_NULL_CONVERSION = YES;
				CLANG_WARN_OBJC_IMPLICIT_RETAIN_SELF = YES;
				CLANG_WARN_OBJC_LITERAL_CONVERSION = YES;
				CLANG_WARN_OBJC_ROOT_CLASS = YES_ERROR;
				CLANG_WARN_QUOTED_INCLUDE_IN_FRAMEWORK_HEADER = YES;
				CLANG_WARN_RANGE_LOOP_ANALYSIS = YES;
				CLANG_WARN_STRICT_PROTOTYPES = YES;
				CLANG_WARN_SUSPICIOUS_MOVE = YES;
				CLANG_WARN_UNGUARDED_AVAILABILITY = YES_AGGRESSIVE;
				CLANG_WARN_UNREACHABLE_CODE = YES;
				CLANG_WARN__DUPLICATE_METHOD_MATCH = YES;
				COPY_PHASE_STRIP = NO;
				DEBUG_INFORMATION_FORMAT = "dwarf-with-dsym";
				ENABLE_NS_ASSERTIONS = NO;
				ENABLE_STRICT_OBJC_MSGSEND = YES;
				GCC_C_LANGUAGE_STANDARD = gnu11;
				GCC_NO_COMMON_BLOCKS = YES;
				GCC_WARN_64_TO_32_BIT_CONVERSION = YES;
				GCC_WARN_ABOUT_RETURN_TYPE = YES_ERROR;
				GCC_WARN_UNDECLARED_SELECTOR = YES;
				GCC_WARN_UNINITIALIZED_AUTOS = YES_AGGRESSIVE;
				GCC_WARN_UNUSED_FUNCTION = YES;
				GCC_WARN_UNUSED_VARIABLE = YES;
				IPHONEOS_DEPLOYMENT_TARGET = 13.0;
				MTL_ENABLE_DEBUG_INFO = NO;
				MTL_FAST_MATH = YES;
				SDKROOT = iphoneos;
				SWIFT_COMPILATION_MODE = wholemodule;
				SWIFT_OPTIMIZATION_LEVEL = "-O";
				VALIDATE_PRODUCT = YES;
			};
			name = Release;
		};
		11DEFF5F27BEEDA900688EE4 /* Debug */ = {
			isa = XCBuildConfiguration;
			buildSettings = {
				ASSETCATALOG_COMPILER_APPICON_NAME = AppIcon;
				ASSETCATALOG_COMPILER_GLOBAL_ACCENT_COLOR_NAME = AccentColor;
				CODE_SIGN_STYLE = Automatic;
				CURRENT_PROJECT_VERSION = 1;
				DEVELOPMENT_TEAM = UA2ZXG4WK9;
				GENERATE_INFOPLIST_FILE = YES;
				INFOPLIST_FILE = "tinkoff-chat/Info.plist";
				INFOPLIST_KEY_UIApplicationSupportsIndirectInputEvents = YES;
				INFOPLIST_KEY_UILaunchStoryboardName = LaunchScreen;
				INFOPLIST_KEY_UISupportedInterfaceOrientations = UIInterfaceOrientationPortrait;
				INFOPLIST_KEY_UISupportedInterfaceOrientations_iPad = "UIInterfaceOrientationPortrait UIInterfaceOrientationPortraitUpsideDown UIInterfaceOrientationLandscapeLeft UIInterfaceOrientationLandscapeRight";
				INFOPLIST_KEY_UISupportedInterfaceOrientations_iPhone = "UIInterfaceOrientationPortrait UIInterfaceOrientationLandscapeLeft UIInterfaceOrientationLandscapeRight";
				LD_RUNPATH_SEARCH_PATHS = (
					"$(inherited)",
					"@executable_path/Frameworks",
				);
				MARKETING_VERSION = 1.0;
				PRODUCT_BUNDLE_IDENTIFIER = "com.tinkoff-chat";
				PRODUCT_NAME = "$(TARGET_NAME)";
				SWIFT_EMIT_LOC_STRINGS = YES;
				SWIFT_VERSION = 5.0;
				TARGETED_DEVICE_FAMILY = 1;
			};
			name = Debug;
		};
		11DEFF6027BEEDA900688EE4 /* Release */ = {
			isa = XCBuildConfiguration;
			buildSettings = {
				ASSETCATALOG_COMPILER_APPICON_NAME = AppIcon;
				ASSETCATALOG_COMPILER_GLOBAL_ACCENT_COLOR_NAME = AccentColor;
				CODE_SIGN_STYLE = Automatic;
				CURRENT_PROJECT_VERSION = 1;
				DEVELOPMENT_TEAM = UA2ZXG4WK9;
				GENERATE_INFOPLIST_FILE = YES;
				INFOPLIST_FILE = "tinkoff-chat/Info.plist";
				INFOPLIST_KEY_UIApplicationSupportsIndirectInputEvents = YES;
				INFOPLIST_KEY_UILaunchStoryboardName = LaunchScreen;
				INFOPLIST_KEY_UISupportedInterfaceOrientations = UIInterfaceOrientationPortrait;
				INFOPLIST_KEY_UISupportedInterfaceOrientations_iPad = "UIInterfaceOrientationPortrait UIInterfaceOrientationPortraitUpsideDown UIInterfaceOrientationLandscapeLeft UIInterfaceOrientationLandscapeRight";
				INFOPLIST_KEY_UISupportedInterfaceOrientations_iPhone = "UIInterfaceOrientationPortrait UIInterfaceOrientationLandscapeLeft UIInterfaceOrientationLandscapeRight";
				LD_RUNPATH_SEARCH_PATHS = (
					"$(inherited)",
					"@executable_path/Frameworks",
				);
				MARKETING_VERSION = 1.0;
				PRODUCT_BUNDLE_IDENTIFIER = "com.tinkoff-chat";
				PRODUCT_NAME = "$(TARGET_NAME)";
				SWIFT_EMIT_LOC_STRINGS = YES;
				SWIFT_VERSION = 5.0;
				TARGETED_DEVICE_FAMILY = 1;
			};
			name = Release;
		};
/* End XCBuildConfiguration section */

/* Begin XCConfigurationList section */
		11DEFF4527BEEDA800688EE4 /* Build configuration list for PBXProject "tinkoff-chat" */ = {
			isa = XCConfigurationList;
			buildConfigurations = (
				11DEFF5C27BEEDA900688EE4 /* Debug */,
				11DEFF5D27BEEDA900688EE4 /* Release */,
			);
			defaultConfigurationIsVisible = 0;
			defaultConfigurationName = Release;
		};
		11DEFF5E27BEEDA900688EE4 /* Build configuration list for PBXNativeTarget "tinkoff-chat" */ = {
			isa = XCConfigurationList;
			buildConfigurations = (
				11DEFF5F27BEEDA900688EE4 /* Debug */,
				11DEFF6027BEEDA900688EE4 /* Release */,
			);
			defaultConfigurationIsVisible = 0;
			defaultConfigurationName = Release;
		};
/* End XCConfigurationList section */
	};
	rootObject = 11DEFF4227BEEDA800688EE4 /* Project object */;
}
