// !$*UTF8*$!
{
	archiveVersion = 1;
	classes = {
	};
	objectVersion = 55;
	objects = {

/* Begin PBXBuildFile section */
		1100B4FF27FF094D00A19919 /* Chat.xcdatamodeld in Sources */ = {isa = PBXBuildFile; fileRef = 1100B4FD27FF094D00A19919 /* Chat.xcdatamodeld */; };
		1100B50127FF0D5D00A19919 /* OldCoreDataService.swift in Sources */ = {isa = PBXBuildFile; fileRef = 1100B50027FF0D5D00A19919 /* OldCoreDataService.swift */; };
		1100B50327FF310800A19919 /* CoreDataStack.swift in Sources */ = {isa = PBXBuildFile; fileRef = 1100B50227FF310800A19919 /* CoreDataStack.swift */; };
		111FE23C27D0F41C003D9098 /* UIButton+Color.swift in Sources */ = {isa = PBXBuildFile; fileRef = 111FE23B27D0F41C003D9098 /* UIButton+Color.swift */; };
		111FE23E27D10872003D9098 /* UIViewController+HideKeyboard.swift in Sources */ = {isa = PBXBuildFile; fileRef = 111FE23D27D10872003D9098 /* UIViewController+HideKeyboard.swift */; };
		11202C7327F4EB9E00297F4E /* String+isBlank.swift in Sources */ = {isa = PBXBuildFile; fileRef = 11202C7227F4EB9E00297F4E /* String+isBlank.swift */; };
		112BA6E227EF8CAE00829CCC /* GoogleService-Info.plist in Resources */ = {isa = PBXBuildFile; fileRef = 112BA6E127EF8CAE00829CCC /* GoogleService-Info.plist */; };
		114CF65627F352B500D360B5 /* UITableView+Scroll.swift in Sources */ = {isa = PBXBuildFile; fileRef = 114CF65527F352B500D360B5 /* UITableView+Scroll.swift */; };
		116DB0C127EC6DD000FC9E49 /* GCDManager.swift in Sources */ = {isa = PBXBuildFile; fileRef = 116DB0C027EC6DD000FC9E49 /* GCDManager.swift */; };
		116DB0C627ECBAA100FC9E49 /* WriteOperation.swift in Sources */ = {isa = PBXBuildFile; fileRef = 116DB0C527ECBAA100FC9E49 /* WriteOperation.swift */; };
		116E9DF327D9CF6C003AF977 /* ConversationsListViewController.swift in Sources */ = {isa = PBXBuildFile; fileRef = 116E9DF227D9CF6C003AF977 /* ConversationsListViewController.swift */; };
		116E9DF527D9D03C003AF977 /* ConversationsListView.swift in Sources */ = {isa = PBXBuildFile; fileRef = 116E9DF427D9D03C003AF977 /* ConversationsListView.swift */; };
		116E9DF727D9D20B003AF977 /* ConversationListCell.swift in Sources */ = {isa = PBXBuildFile; fileRef = 116E9DF627D9D20B003AF977 /* ConversationListCell.swift */; };
		116E9DFB27D9D3CE003AF977 /* Constants.swift in Sources */ = {isa = PBXBuildFile; fileRef = 116E9DFA27D9D3CE003AF977 /* Constants.swift */; };
		116E9DFE27DA0586003AF977 /* Channel.swift in Sources */ = {isa = PBXBuildFile; fileRef = 116E9DFD27DA0586003AF977 /* Channel.swift */; };
		116E9E0627DA23FC003AF977 /* ConversationViewController.swift in Sources */ = {isa = PBXBuildFile; fileRef = 116E9E0527DA23FC003AF977 /* ConversationViewController.swift */; };
		116E9E0827DA2425003AF977 /* ConversationView.swift in Sources */ = {isa = PBXBuildFile; fileRef = 116E9E0727DA2425003AF977 /* ConversationView.swift */; };
		116E9E0A27DA25F6003AF977 /* ConversationViewCell.swift in Sources */ = {isa = PBXBuildFile; fileRef = 116E9E0927DA25F6003AF977 /* ConversationViewCell.swift */; };
		11873E6527E32CFD0072FE5B /* CustomColors.swift in Sources */ = {isa = PBXBuildFile; fileRef = 11873E6427E32CFD0072FE5B /* CustomColors.swift */; };
		11873E6827E32FE70072FE5B /* Theme.swift in Sources */ = {isa = PBXBuildFile; fileRef = 11873E6727E32FE70072FE5B /* Theme.swift */; };
		11873E6A27E3313B0072FE5B /* ClassicTheme.swift in Sources */ = {isa = PBXBuildFile; fileRef = 11873E6927E3313B0072FE5B /* ClassicTheme.swift */; };
		11873E6C27E331DF0072FE5B /* NightTheme.swift in Sources */ = {isa = PBXBuildFile; fileRef = 11873E6B27E331DF0072FE5B /* NightTheme.swift */; };
		11873E6E27E3322F0072FE5B /* DayTheme.swift in Sources */ = {isa = PBXBuildFile; fileRef = 11873E6D27E3322F0072FE5B /* DayTheme.swift */; };
		11873E7327E333A90072FE5B /* ThemesViewController.swift in Sources */ = {isa = PBXBuildFile; fileRef = 11873E7227E333A90072FE5B /* ThemesViewController.swift */; };
		11873E7527E333DD0072FE5B /* ThemesView.swift in Sources */ = {isa = PBXBuildFile; fileRef = 11873E7427E333DD0072FE5B /* ThemesView.swift */; };
		119BDF4627F23FBB008458F1 /* FirebaseManager.swift in Sources */ = {isa = PBXBuildFile; fileRef = 119BDF4527F23FBB008458F1 /* FirebaseManager.swift */; };
		119EF9F127ECF72D00EA3378 /* OperationsManager.swift in Sources */ = {isa = PBXBuildFile; fileRef = 119EF9F027ECF72D00EA3378 /* OperationsManager.swift */; };
		119EF9F327ECFB2500EA3378 /* ReadOperation.swift in Sources */ = {isa = PBXBuildFile; fileRef = 119EF9F227ECFB2500EA3378 /* ReadOperation.swift */; };
		119EF9F527ECFF5000EA3378 /* MultithreadingManager.swift in Sources */ = {isa = PBXBuildFile; fileRef = 119EF9F427ECFF5000EA3378 /* MultithreadingManager.swift */; };
		11A8556E27C807FE0005514D /* ProfileViewController.swift in Sources */ = {isa = PBXBuildFile; fileRef = 11A8556D27C807FE0005514D /* ProfileViewController.swift */; };
		11A8557027C80F720005514D /* ProfileView.swift in Sources */ = {isa = PBXBuildFile; fileRef = 11A8556F27C80F720005514D /* ProfileView.swift */; };
		11A8557227C813020005514D /* UIColor+HEX.swift in Sources */ = {isa = PBXBuildFile; fileRef = 11A8557127C813020005514D /* UIColor+HEX.swift */; };
		11A8557427C8188D0005514D /* UIView+Nib.swift in Sources */ = {isa = PBXBuildFile; fileRef = 11A8557327C8188D0005514D /* UIView+Nib.swift */; };
		11CC1EBF27C69DC200450552 /* Logger.swift in Sources */ = {isa = PBXBuildFile; fileRef = 11CC1EBE27C69DC200450552 /* Logger.swift */; };
		11D7FA7227E358D5003A3303 /* ThemeManager.swift in Sources */ = {isa = PBXBuildFile; fileRef = 11D7FA7127E358D4003A3303 /* ThemeManager.swift */; };
		11D7FA7427E36463003A3303 /* Themes.swift in Sources */ = {isa = PBXBuildFile; fileRef = 11D7FA7327E36463003A3303 /* Themes.swift */; };
		11DEFF4E27BEEDA800688EE4 /* AppDelegate.swift in Sources */ = {isa = PBXBuildFile; fileRef = 11DEFF4D27BEEDA800688EE4 /* AppDelegate.swift */; };
		11DEFF5727BEEDA900688EE4 /* Assets.xcassets in Resources */ = {isa = PBXBuildFile; fileRef = 11DEFF5627BEEDA900688EE4 /* Assets.xcassets */; };
		11DEFF5A27BEEDA900688EE4 /* LaunchScreen.storyboard in Resources */ = {isa = PBXBuildFile; fileRef = 11DEFF5827BEEDA900688EE4 /* LaunchScreen.storyboard */; };
		11E717F327EADF4A00E963E6 /* ProfileDataManager.swift in Sources */ = {isa = PBXBuildFile; fileRef = 11E717F227EADF4A00E963E6 /* ProfileDataManager.swift */; };
		11E717F827EAE16200E963E6 /* JSONSerialization+JSONFile.swift in Sources */ = {isa = PBXBuildFile; fileRef = 11E717F727EAE16200E963E6 /* JSONSerialization+JSONFile.swift */; };
		11E717FA27EAE1DA00E963E6 /* Profile.swift in Sources */ = {isa = PBXBuildFile; fileRef = 11E717F927EAE1DA00E963E6 /* Profile.swift */; };
		11E717FE27EAE49500E963E6 /* Message.swift in Sources */ = {isa = PBXBuildFile; fileRef = 11E717FD27EAE49500E963E6 /* Message.swift */; };
		A73332455F47B49AB2820C8A /* Pods_tinkoff_chat.framework in Frameworks */ = {isa = PBXBuildFile; fileRef = 8EA2C152E6311E94EAA2803A /* Pods_tinkoff_chat.framework */; };
/* End PBXBuildFile section */

/* Begin PBXFileReference section */
		01ACE05962374C353934854E /* Pods-tinkoff-chat.release.xcconfig */ = {isa = PBXFileReference; includeInIndex = 1; lastKnownFileType = text.xcconfig; name = "Pods-tinkoff-chat.release.xcconfig"; path = "Target Support Files/Pods-tinkoff-chat/Pods-tinkoff-chat.release.xcconfig"; sourceTree = "<group>"; };
		1100B4FE27FF094D00A19919 /* Chat.xcdatamodel */ = {isa = PBXFileReference; lastKnownFileType = wrapper.xcdatamodel; path = Chat.xcdatamodel; sourceTree = "<group>"; };
		1100B50027FF0D5D00A19919 /* OldCoreDataService.swift */ = {isa = PBXFileReference; lastKnownFileType = sourcecode.swift; path = OldCoreDataService.swift; sourceTree = "<group>"; };
		1100B50227FF310800A19919 /* CoreDataStack.swift */ = {isa = PBXFileReference; lastKnownFileType = sourcecode.swift; path = CoreDataStack.swift; sourceTree = "<group>"; };
		111FE23B27D0F41C003D9098 /* UIButton+Color.swift */ = {isa = PBXFileReference; lastKnownFileType = sourcecode.swift; path = "UIButton+Color.swift"; sourceTree = "<group>"; };
		111FE23D27D10872003D9098 /* UIViewController+HideKeyboard.swift */ = {isa = PBXFileReference; lastKnownFileType = sourcecode.swift; path = "UIViewController+HideKeyboard.swift"; sourceTree = "<group>"; };
		11202C7227F4EB9E00297F4E /* String+isBlank.swift */ = {isa = PBXFileReference; lastKnownFileType = sourcecode.swift; path = "String+isBlank.swift"; sourceTree = "<group>"; };
		112BA6E127EF8CAE00829CCC /* GoogleService-Info.plist */ = {isa = PBXFileReference; fileEncoding = 4; lastKnownFileType = text.plist.xml; path = "GoogleService-Info.plist"; sourceTree = "<group>"; };
		114CF65527F352B500D360B5 /* UITableView+Scroll.swift */ = {isa = PBXFileReference; lastKnownFileType = sourcecode.swift; path = "UITableView+Scroll.swift"; sourceTree = "<group>"; };
		116DB0C027EC6DD000FC9E49 /* GCDManager.swift */ = {isa = PBXFileReference; lastKnownFileType = sourcecode.swift; path = GCDManager.swift; sourceTree = "<group>"; };
		116DB0C527ECBAA100FC9E49 /* WriteOperation.swift */ = {isa = PBXFileReference; lastKnownFileType = sourcecode.swift; path = WriteOperation.swift; sourceTree = "<group>"; };
		116E9DF227D9CF6C003AF977 /* ConversationsListViewController.swift */ = {isa = PBXFileReference; lastKnownFileType = sourcecode.swift; path = ConversationsListViewController.swift; sourceTree = "<group>"; };
		116E9DF427D9D03C003AF977 /* ConversationsListView.swift */ = {isa = PBXFileReference; lastKnownFileType = sourcecode.swift; path = ConversationsListView.swift; sourceTree = "<group>"; };
		116E9DF627D9D20B003AF977 /* ConversationListCell.swift */ = {isa = PBXFileReference; lastKnownFileType = sourcecode.swift; path = ConversationListCell.swift; sourceTree = "<group>"; };
		116E9DFA27D9D3CE003AF977 /* Constants.swift */ = {isa = PBXFileReference; lastKnownFileType = sourcecode.swift; path = Constants.swift; sourceTree = "<group>"; };
		116E9DFD27DA0586003AF977 /* Channel.swift */ = {isa = PBXFileReference; lastKnownFileType = sourcecode.swift; path = Channel.swift; sourceTree = "<group>"; };
		116E9E0527DA23FC003AF977 /* ConversationViewController.swift */ = {isa = PBXFileReference; lastKnownFileType = sourcecode.swift; path = ConversationViewController.swift; sourceTree = "<group>"; };
		116E9E0727DA2425003AF977 /* ConversationView.swift */ = {isa = PBXFileReference; lastKnownFileType = sourcecode.swift; path = ConversationView.swift; sourceTree = "<group>"; };
		116E9E0927DA25F6003AF977 /* ConversationViewCell.swift */ = {isa = PBXFileReference; lastKnownFileType = sourcecode.swift; path = ConversationViewCell.swift; sourceTree = "<group>"; };
		11873E6427E32CFD0072FE5B /* CustomColors.swift */ = {isa = PBXFileReference; lastKnownFileType = sourcecode.swift; path = CustomColors.swift; sourceTree = "<group>"; };
		11873E6727E32FE70072FE5B /* Theme.swift */ = {isa = PBXFileReference; lastKnownFileType = sourcecode.swift; path = Theme.swift; sourceTree = "<group>"; };
		11873E6927E3313B0072FE5B /* ClassicTheme.swift */ = {isa = PBXFileReference; lastKnownFileType = sourcecode.swift; path = ClassicTheme.swift; sourceTree = "<group>"; };
		11873E6B27E331DF0072FE5B /* NightTheme.swift */ = {isa = PBXFileReference; lastKnownFileType = sourcecode.swift; path = NightTheme.swift; sourceTree = "<group>"; };
		11873E6D27E3322F0072FE5B /* DayTheme.swift */ = {isa = PBXFileReference; lastKnownFileType = sourcecode.swift; path = DayTheme.swift; sourceTree = "<group>"; };
		11873E7227E333A90072FE5B /* ThemesViewController.swift */ = {isa = PBXFileReference; lastKnownFileType = sourcecode.swift; path = ThemesViewController.swift; sourceTree = "<group>"; };
		11873E7427E333DD0072FE5B /* ThemesView.swift */ = {isa = PBXFileReference; lastKnownFileType = sourcecode.swift; path = ThemesView.swift; sourceTree = "<group>"; };
		119BDF4527F23FBB008458F1 /* FirebaseManager.swift */ = {isa = PBXFileReference; lastKnownFileType = sourcecode.swift; path = FirebaseManager.swift; sourceTree = "<group>"; };
		119EF9F027ECF72D00EA3378 /* OperationsManager.swift */ = {isa = PBXFileReference; lastKnownFileType = sourcecode.swift; path = OperationsManager.swift; sourceTree = "<group>"; };
		119EF9F227ECFB2500EA3378 /* ReadOperation.swift */ = {isa = PBXFileReference; lastKnownFileType = sourcecode.swift; path = ReadOperation.swift; sourceTree = "<group>"; };
		119EF9F427ECFF5000EA3378 /* MultithreadingManager.swift */ = {isa = PBXFileReference; lastKnownFileType = sourcecode.swift; path = MultithreadingManager.swift; sourceTree = "<group>"; };
		11A8556D27C807FE0005514D /* ProfileViewController.swift */ = {isa = PBXFileReference; lastKnownFileType = sourcecode.swift; path = ProfileViewController.swift; sourceTree = "<group>"; };
		11A8556F27C80F720005514D /* ProfileView.swift */ = {isa = PBXFileReference; lastKnownFileType = sourcecode.swift; path = ProfileView.swift; sourceTree = "<group>"; };
		11A8557127C813020005514D /* UIColor+HEX.swift */ = {isa = PBXFileReference; lastKnownFileType = sourcecode.swift; path = "UIColor+HEX.swift"; sourceTree = "<group>"; };
		11A8557327C8188D0005514D /* UIView+Nib.swift */ = {isa = PBXFileReference; lastKnownFileType = sourcecode.swift; path = "UIView+Nib.swift"; sourceTree = "<group>"; };
		11CC1EBE27C69DC200450552 /* Logger.swift */ = {isa = PBXFileReference; lastKnownFileType = sourcecode.swift; path = Logger.swift; sourceTree = "<group>"; };
		11D7FA7127E358D4003A3303 /* ThemeManager.swift */ = {isa = PBXFileReference; lastKnownFileType = sourcecode.swift; path = ThemeManager.swift; sourceTree = "<group>"; };
		11D7FA7327E36463003A3303 /* Themes.swift */ = {isa = PBXFileReference; lastKnownFileType = sourcecode.swift; path = Themes.swift; sourceTree = "<group>"; };
		11DEFF4A27BEEDA800688EE4 /* tinkoff-chat.app */ = {isa = PBXFileReference; explicitFileType = wrapper.application; includeInIndex = 0; path = "tinkoff-chat.app"; sourceTree = BUILT_PRODUCTS_DIR; };
		11DEFF4D27BEEDA800688EE4 /* AppDelegate.swift */ = {isa = PBXFileReference; lastKnownFileType = sourcecode.swift; path = AppDelegate.swift; sourceTree = "<group>"; };
		11DEFF5627BEEDA900688EE4 /* Assets.xcassets */ = {isa = PBXFileReference; lastKnownFileType = folder.assetcatalog; path = Assets.xcassets; sourceTree = "<group>"; };
		11DEFF5927BEEDA900688EE4 /* Base */ = {isa = PBXFileReference; lastKnownFileType = file.storyboard; name = Base; path = Base.lproj/LaunchScreen.storyboard; sourceTree = "<group>"; };
		11DEFF5B27BEEDA900688EE4 /* Info.plist */ = {isa = PBXFileReference; lastKnownFileType = text.plist.xml; path = Info.plist; sourceTree = "<group>"; };
		11E717F227EADF4A00E963E6 /* ProfileDataManager.swift */ = {isa = PBXFileReference; lastKnownFileType = sourcecode.swift; path = ProfileDataManager.swift; sourceTree = "<group>"; };
		11E717F727EAE16200E963E6 /* JSONSerialization+JSONFile.swift */ = {isa = PBXFileReference; lastKnownFileType = sourcecode.swift; path = "JSONSerialization+JSONFile.swift"; sourceTree = "<group>"; };
		11E717F927EAE1DA00E963E6 /* Profile.swift */ = {isa = PBXFileReference; lastKnownFileType = sourcecode.swift; path = Profile.swift; sourceTree = "<group>"; };
		11E717FD27EAE49500E963E6 /* Message.swift */ = {isa = PBXFileReference; lastKnownFileType = sourcecode.swift; path = Message.swift; sourceTree = "<group>"; };
		8EA2C152E6311E94EAA2803A /* Pods_tinkoff_chat.framework */ = {isa = PBXFileReference; explicitFileType = wrapper.framework; includeInIndex = 0; path = Pods_tinkoff_chat.framework; sourceTree = BUILT_PRODUCTS_DIR; };
		D6D93988BE43974F0F7D105D /* Pods-tinkoff-chat.debug.xcconfig */ = {isa = PBXFileReference; includeInIndex = 1; lastKnownFileType = text.xcconfig; name = "Pods-tinkoff-chat.debug.xcconfig"; path = "Target Support Files/Pods-tinkoff-chat/Pods-tinkoff-chat.debug.xcconfig"; sourceTree = "<group>"; };
/* End PBXFileReference section */

/* Begin PBXFrameworksBuildPhase section */
		11DEFF4727BEEDA800688EE4 /* Frameworks */ = {
			isa = PBXFrameworksBuildPhase;
			buildActionMask = 2147483647;
			files = (
				A73332455F47B49AB2820C8A /* Pods_tinkoff_chat.framework in Frameworks */,
			);
			runOnlyForDeploymentPostprocessing = 0;
		};
/* End PBXFrameworksBuildPhase section */

/* Begin PBXGroup section */
		1100B4FC27FF092C00A19919 /* CoreData */ = {
			isa = PBXGroup;
			children = (
				1100B4FD27FF094D00A19919 /* Chat.xcdatamodeld */,
				1100B50027FF0D5D00A19919 /* OldCoreDataService.swift */,
				1100B50227FF310800A19919 /* CoreDataStack.swift */,
			);
			path = CoreData;
			sourceTree = "<group>";
		};
		116DB0C427ECBA8C00FC9E49 /* Operations */ = {
			isa = PBXGroup;
			children = (
				116DB0C527ECBAA100FC9E49 /* WriteOperation.swift */,
				119EF9F227ECFB2500EA3378 /* ReadOperation.swift */,
			);
			path = Operations;
			sourceTree = "<group>";
		};
		116E9DEF27D9CEBA003AF977 /* ConversationsList */ = {
			isa = PBXGroup;
			children = (
				116E9DF127D9CF4D003AF977 /* View */,
				116E9DF227D9CF6C003AF977 /* ConversationsListViewController.swift */,
			);
			path = ConversationsList;
			sourceTree = "<group>";
		};
		116E9DF127D9CF4D003AF977 /* View */ = {
			isa = PBXGroup;
			children = (
				116E9DF427D9D03C003AF977 /* ConversationsListView.swift */,
				116E9DF627D9D20B003AF977 /* ConversationListCell.swift */,
			);
			path = View;
			sourceTree = "<group>";
		};
		116E9DFC27DA0566003AF977 /* Models */ = {
			isa = PBXGroup;
			children = (
				11873E6627E32FCA0072FE5B /* Themes */,
				116E9DFA27D9D3CE003AF977 /* Constants.swift */,
				11873E6427E32CFD0072FE5B /* CustomColors.swift */,
				11E717FD27EAE49500E963E6 /* Message.swift */,
				116E9DFD27DA0586003AF977 /* Channel.swift */,
				11E717F927EAE1DA00E963E6 /* Profile.swift */,
			);
			path = Models;
			sourceTree = "<group>";
		};
		116E9E0127DA23C4003AF977 /* Conversation */ = {
			isa = PBXGroup;
			children = (
				116E9E0327DA23D4003AF977 /* View */,
				116E9E0527DA23FC003AF977 /* ConversationViewController.swift */,
			);
			path = Conversation;
			sourceTree = "<group>";
		};
		116E9E0327DA23D4003AF977 /* View */ = {
			isa = PBXGroup;
			children = (
				116E9E0727DA2425003AF977 /* ConversationView.swift */,
				116E9E0927DA25F6003AF977 /* ConversationViewCell.swift */,
			);
			path = View;
			sourceTree = "<group>";
		};
		11873E6627E32FCA0072FE5B /* Themes */ = {
			isa = PBXGroup;
			children = (
				11D7FA7327E36463003A3303 /* Themes.swift */,
				11873E6727E32FE70072FE5B /* Theme.swift */,
				11873E6927E3313B0072FE5B /* ClassicTheme.swift */,
				11873E6D27E3322F0072FE5B /* DayTheme.swift */,
				11873E6B27E331DF0072FE5B /* NightTheme.swift */,
			);
			path = Themes;
			sourceTree = "<group>";
		};
		11873E6F27E333490072FE5B /* Themes */ = {
			isa = PBXGroup;
			children = (
				11873E7027E333800072FE5B /* View */,
				11873E7227E333A90072FE5B /* ThemesViewController.swift */,
			);
			path = Themes;
			sourceTree = "<group>";
		};
		11873E7027E333800072FE5B /* View */ = {
			isa = PBXGroup;
			children = (
				11873E7427E333DD0072FE5B /* ThemesView.swift */,
			);
			path = View;
			sourceTree = "<group>";
		};
		11A8556827C807840005514D /* Profile */ = {
			isa = PBXGroup;
			children = (
				11A8556B27C807D70005514D /* View */,
				11A8556D27C807FE0005514D /* ProfileViewController.swift */,
			);
			path = Profile;
			sourceTree = "<group>";
		};
		11A8556B27C807D70005514D /* View */ = {
			isa = PBXGroup;
			children = (
				11A8556F27C80F720005514D /* ProfileView.swift */,
			);
			path = View;
			sourceTree = "<group>";
		};
		11CC1EBB27C69D4B00450552 /* Services */ = {
			isa = PBXGroup;
			children = (
				1100B4FC27FF092C00A19919 /* CoreData */,
				116DB0C427ECBA8C00FC9E49 /* Operations */,
				11CC1EBE27C69DC200450552 /* Logger.swift */,
				11D7FA7127E358D4003A3303 /* ThemeManager.swift */,
				11E717F227EADF4A00E963E6 /* ProfileDataManager.swift */,
				116DB0C027EC6DD000FC9E49 /* GCDManager.swift */,
				119EF9F027ECF72D00EA3378 /* OperationsManager.swift */,
				119EF9F427ECFF5000EA3378 /* MultithreadingManager.swift */,
				119BDF4527F23FBB008458F1 /* FirebaseManager.swift */,
			);
			path = Services;
			sourceTree = "<group>";
		};
		11CC1EBC27C69D5400450552 /* Modules */ = {
			isa = PBXGroup;
			children = (
				11873E6F27E333490072FE5B /* Themes */,
				116E9E0127DA23C4003AF977 /* Conversation */,
				116E9DEF27D9CEBA003AF977 /* ConversationsList */,
				11A8556827C807840005514D /* Profile */,
				11DEFF4D27BEEDA800688EE4 /* AppDelegate.swift */,
			);
			path = Modules;
			sourceTree = "<group>";
		};
		11CC1EBD27C69D5E00450552 /* Extensions */ = {
			isa = PBXGroup;
			children = (
				11A8557127C813020005514D /* UIColor+HEX.swift */,
				11A8557327C8188D0005514D /* UIView+Nib.swift */,
				111FE23B27D0F41C003D9098 /* UIButton+Color.swift */,
				111FE23D27D10872003D9098 /* UIViewController+HideKeyboard.swift */,
				11E717F727EAE16200E963E6 /* JSONSerialization+JSONFile.swift */,
				114CF65527F352B500D360B5 /* UITableView+Scroll.swift */,
				11202C7227F4EB9E00297F4E /* String+isBlank.swift */,
			);
			path = Extensions;
			sourceTree = "<group>";
		};
		11DEFF4127BEEDA800688EE4 = {
			isa = PBXGroup;
			children = (
				11DEFF4C27BEEDA800688EE4 /* tinkoff-chat */,
				11DEFF4B27BEEDA800688EE4 /* Products */,
				37D5EDBDD391DF82820D466A /* Pods */,
				A700436FC00F89592514DA41 /* Frameworks */,
			);
			sourceTree = "<group>";
		};
		11DEFF4B27BEEDA800688EE4 /* Products */ = {
			isa = PBXGroup;
			children = (
				11DEFF4A27BEEDA800688EE4 /* tinkoff-chat.app */,
			);
			name = Products;
			sourceTree = "<group>";
		};
		11DEFF4C27BEEDA800688EE4 /* tinkoff-chat */ = {
			isa = PBXGroup;
			children = (
				116E9DFC27DA0566003AF977 /* Models */,
				11CC1EBD27C69D5E00450552 /* Extensions */,
				11CC1EBB27C69D4B00450552 /* Services */,
				11CC1EBC27C69D5400450552 /* Modules */,
				11DEFF5627BEEDA900688EE4 /* Assets.xcassets */,
				11DEFF5827BEEDA900688EE4 /* LaunchScreen.storyboard */,
				11DEFF5B27BEEDA900688EE4 /* Info.plist */,
				112BA6E127EF8CAE00829CCC /* GoogleService-Info.plist */,
			);
			path = "tinkoff-chat";
			sourceTree = "<group>";
		};
		37D5EDBDD391DF82820D466A /* Pods */ = {
			isa = PBXGroup;
			children = (
				D6D93988BE43974F0F7D105D /* Pods-tinkoff-chat.debug.xcconfig */,
				01ACE05962374C353934854E /* Pods-tinkoff-chat.release.xcconfig */,
			);
			path = Pods;
			sourceTree = "<group>";
		};
		A700436FC00F89592514DA41 /* Frameworks */ = {
			isa = PBXGroup;
			children = (
				8EA2C152E6311E94EAA2803A /* Pods_tinkoff_chat.framework */,
			);
			name = Frameworks;
			sourceTree = "<group>";
		};
/* End PBXGroup section */

/* Begin PBXNativeTarget section */
		11DEFF4927BEEDA800688EE4 /* tinkoff-chat */ = {
			isa = PBXNativeTarget;
			buildConfigurationList = 11DEFF5E27BEEDA900688EE4 /* Build configuration list for PBXNativeTarget "tinkoff-chat" */;
			buildPhases = (
				5FC045E14ECE6A338E3D1853 /* [CP] Check Pods Manifest.lock */,
				11DEFF4627BEEDA800688EE4 /* Sources */,
				11DEFF4727BEEDA800688EE4 /* Frameworks */,
				11DEFF4827BEEDA800688EE4 /* Resources */,
				92FB260ACFBAC7CFC6320EE7 /* [CP] Embed Pods Frameworks */,
				1195AD2C27EFA67A004A2EB0 /* Run Script */,
			);
			buildRules = (
			);
			dependencies = (
			);
			name = "tinkoff-chat";
			productName = "tinkoff-chat";
			productReference = 11DEFF4A27BEEDA800688EE4 /* tinkoff-chat.app */;
			productType = "com.apple.product-type.application";
		};
/* End PBXNativeTarget section */

/* Begin PBXProject section */
		11DEFF4227BEEDA800688EE4 /* Project object */ = {
			isa = PBXProject;
			attributes = {
				BuildIndependentTargetsInParallel = 1;
				LastSwiftUpdateCheck = 1310;
				LastUpgradeCheck = 1310;
				TargetAttributes = {
					11DEFF4927BEEDA800688EE4 = {
						CreatedOnToolsVersion = 13.1;
					};
				};
			};
			buildConfigurationList = 11DEFF4527BEEDA800688EE4 /* Build configuration list for PBXProject "tinkoff-chat" */;
			compatibilityVersion = "Xcode 13.0";
			developmentRegion = en;
			hasScannedForEncodings = 0;
			knownRegions = (
				en,
				Base,
			);
			mainGroup = 11DEFF4127BEEDA800688EE4;
			productRefGroup = 11DEFF4B27BEEDA800688EE4 /* Products */;
			projectDirPath = "";
			projectRoot = "";
			targets = (
				11DEFF4927BEEDA800688EE4 /* tinkoff-chat */,
			);
		};
/* End PBXProject section */

/* Begin PBXResourcesBuildPhase section */
		11DEFF4827BEEDA800688EE4 /* Resources */ = {
			isa = PBXResourcesBuildPhase;
			buildActionMask = 2147483647;
			files = (
				11DEFF5A27BEEDA900688EE4 /* LaunchScreen.storyboard in Resources */,
				11DEFF5727BEEDA900688EE4 /* Assets.xcassets in Resources */,
				112BA6E227EF8CAE00829CCC /* GoogleService-Info.plist in Resources */,
			);
			runOnlyForDeploymentPostprocessing = 0;
		};
/* End PBXResourcesBuildPhase section */

/* Begin PBXShellScriptBuildPhase section */
		1195AD2C27EFA67A004A2EB0 /* Run Script */ = {
			isa = PBXShellScriptBuildPhase;
			buildActionMask = 2147483647;
			files = (
			);
			inputFileListPaths = (
			);
			inputPaths = (
			);
			name = "Run Script";
			outputFileListPaths = (
			);
			outputPaths = (
			);
			runOnlyForDeploymentPostprocessing = 0;
			shellPath = /bin/sh;
			shellScript = "# Type a script or drag a script file from your workspace to insert its path.\n${PODS_ROOT}/SwiftLint/swiftlint --config ${SRCROOT}/.swiftlint.yml\n";
		};
		5FC045E14ECE6A338E3D1853 /* [CP] Check Pods Manifest.lock */ = {
			isa = PBXShellScriptBuildPhase;
			buildActionMask = 2147483647;
			files = (
			);
			inputFileListPaths = (
			);
			inputPaths = (
				"${PODS_PODFILE_DIR_PATH}/Podfile.lock",
				"${PODS_ROOT}/Manifest.lock",
			);
			name = "[CP] Check Pods Manifest.lock";
			outputFileListPaths = (
			);
			outputPaths = (
				"$(DERIVED_FILE_DIR)/Pods-tinkoff-chat-checkManifestLockResult.txt",
			);
			runOnlyForDeploymentPostprocessing = 0;
			shellPath = /bin/sh;
			shellScript = "diff \"${PODS_PODFILE_DIR_PATH}/Podfile.lock\" \"${PODS_ROOT}/Manifest.lock\" > /dev/null\nif [ $? != 0 ] ; then\n    # print error to STDERR\n    echo \"error: The sandbox is not in sync with the Podfile.lock. Run 'pod install' or update your CocoaPods installation.\" >&2\n    exit 1\nfi\n# This output is used by Xcode 'outputs' to avoid re-running this script phase.\necho \"SUCCESS\" > \"${SCRIPT_OUTPUT_FILE_0}\"\n";
			showEnvVarsInLog = 0;
		};
		92FB260ACFBAC7CFC6320EE7 /* [CP] Embed Pods Frameworks */ = {
			isa = PBXShellScriptBuildPhase;
			buildActionMask = 2147483647;
			files = (
			);
			inputFileListPaths = (
				"${PODS_ROOT}/Target Support Files/Pods-tinkoff-chat/Pods-tinkoff-chat-frameworks-${CONFIGURATION}-input-files.xcfilelist",
			);
			name = "[CP] Embed Pods Frameworks";
			outputFileListPaths = (
				"${PODS_ROOT}/Target Support Files/Pods-tinkoff-chat/Pods-tinkoff-chat-frameworks-${CONFIGURATION}-output-files.xcfilelist",
			);
			runOnlyForDeploymentPostprocessing = 0;
			shellPath = /bin/sh;
			shellScript = "\"${PODS_ROOT}/Target Support Files/Pods-tinkoff-chat/Pods-tinkoff-chat-frameworks.sh\"\n";
			showEnvVarsInLog = 0;
		};
/* End PBXShellScriptBuildPhase section */

/* Begin PBXSourcesBuildPhase section */
		11DEFF4627BEEDA800688EE4 /* Sources */ = {
			isa = PBXSourcesBuildPhase;
			buildActionMask = 2147483647;
			files = (
				11A8557027C80F720005514D /* ProfileView.swift in Sources */,
				119EF9F127ECF72D00EA3378 /* OperationsManager.swift in Sources */,
				1100B50127FF0D5D00A19919 /* OldCoreDataService.swift in Sources */,
				111FE23E27D10872003D9098 /* UIViewController+HideKeyboard.swift in Sources */,
				116E9E0A27DA25F6003AF977 /* ConversationViewCell.swift in Sources */,
				11873E7327E333A90072FE5B /* ThemesViewController.swift in Sources */,
				116E9DF727D9D20B003AF977 /* ConversationListCell.swift in Sources */,
				11E717FE27EAE49500E963E6 /* Message.swift in Sources */,
				11E717F827EAE16200E963E6 /* JSONSerialization+JSONFile.swift in Sources */,
				116E9DF327D9CF6C003AF977 /* ConversationsListViewController.swift in Sources */,
				1100B4FF27FF094D00A19919 /* Chat.xcdatamodeld in Sources */,
				116DB0C627ECBAA100FC9E49 /* WriteOperation.swift in Sources */,
				11873E6827E32FE70072FE5B /* Theme.swift in Sources */,
				11E717FA27EAE1DA00E963E6 /* Profile.swift in Sources */,
				11873E6527E32CFD0072FE5B /* CustomColors.swift in Sources */,
				11CC1EBF27C69DC200450552 /* Logger.swift in Sources */,
				119EF9F327ECFB2500EA3378 /* ReadOperation.swift in Sources */,
				11873E7527E333DD0072FE5B /* ThemesView.swift in Sources */,
				11A8557427C8188D0005514D /* UIView+Nib.swift in Sources */,
				11873E6E27E3322F0072FE5B /* DayTheme.swift in Sources */,
				116E9DFB27D9D3CE003AF977 /* Constants.swift in Sources */,
				11D7FA7227E358D5003A3303 /* ThemeManager.swift in Sources */,
				114CF65627F352B500D360B5 /* UITableView+Scroll.swift in Sources */,
				11202C7327F4EB9E00297F4E /* String+isBlank.swift in Sources */,
				116E9DFE27DA0586003AF977 /* Channel.swift in Sources */,
				11A8556E27C807FE0005514D /* ProfileViewController.swift in Sources */,
				116E9E0627DA23FC003AF977 /* ConversationViewController.swift in Sources */,
				119EF9F527ECFF5000EA3378 /* MultithreadingManager.swift in Sources */,
				11E717F327EADF4A00E963E6 /* ProfileDataManager.swift in Sources */,
				116E9E0827DA2425003AF977 /* ConversationView.swift in Sources */,
				119BDF4627F23FBB008458F1 /* FirebaseManager.swift in Sources */,
				116DB0C127EC6DD000FC9E49 /* GCDManager.swift in Sources */,
				111FE23C27D0F41C003D9098 /* UIButton+Color.swift in Sources */,
				11D7FA7427E36463003A3303 /* Themes.swift in Sources */,
				11873E6C27E331DF0072FE5B /* NightTheme.swift in Sources */,
				116E9DF527D9D03C003AF977 /* ConversationsListView.swift in Sources */,
				11DEFF4E27BEEDA800688EE4 /* AppDelegate.swift in Sources */,
				11873E6A27E3313B0072FE5B /* ClassicTheme.swift in Sources */,
				1100B50327FF310800A19919 /* CoreDataStack.swift in Sources */,
				11A8557227C813020005514D /* UIColor+HEX.swift in Sources */,
			);
			runOnlyForDeploymentPostprocessing = 0;
		};
/* End PBXSourcesBuildPhase section */

/* Begin PBXVariantGroup section */
		11DEFF5827BEEDA900688EE4 /* LaunchScreen.storyboard */ = {
			isa = PBXVariantGroup;
			children = (
				11DEFF5927BEEDA900688EE4 /* Base */,
			);
			name = LaunchScreen.storyboard;
			sourceTree = "<group>";
		};
/* End PBXVariantGroup section */

/* Begin XCBuildConfiguration section */
		11DEFF5C27BEEDA900688EE4 /* Debug */ = {
			isa = XCBuildConfiguration;
			buildSettings = {
				ALWAYS_SEARCH_USER_PATHS = NO;
				CLANG_ANALYZER_NONNULL = YES;
				CLANG_ANALYZER_NUMBER_OBJECT_CONVERSION = YES_AGGRESSIVE;
				CLANG_CXX_LANGUAGE_STANDARD = "gnu++17";
				CLANG_CXX_LIBRARY = "libc++";
				CLANG_ENABLE_MODULES = YES;
				CLANG_ENABLE_OBJC_ARC = YES;
				CLANG_ENABLE_OBJC_WEAK = YES;
				CLANG_WARN_BLOCK_CAPTURE_AUTORELEASING = YES;
				CLANG_WARN_BOOL_CONVERSION = YES;
				CLANG_WARN_COMMA = YES;
				CLANG_WARN_CONSTANT_CONVERSION = YES;
				CLANG_WARN_DEPRECATED_OBJC_IMPLEMENTATIONS = YES;
				CLANG_WARN_DIRECT_OBJC_ISA_USAGE = YES_ERROR;
				CLANG_WARN_DOCUMENTATION_COMMENTS = YES;
				CLANG_WARN_EMPTY_BODY = YES;
				CLANG_WARN_ENUM_CONVERSION = YES;
				CLANG_WARN_INFINITE_RECURSION = YES;
				CLANG_WARN_INT_CONVERSION = YES;
				CLANG_WARN_NON_LITERAL_NULL_CONVERSION = YES;
				CLANG_WARN_OBJC_IMPLICIT_RETAIN_SELF = YES;
				CLANG_WARN_OBJC_LITERAL_CONVERSION = YES;
				CLANG_WARN_OBJC_ROOT_CLASS = YES_ERROR;
				CLANG_WARN_QUOTED_INCLUDE_IN_FRAMEWORK_HEADER = YES;
				CLANG_WARN_RANGE_LOOP_ANALYSIS = YES;
				CLANG_WARN_STRICT_PROTOTYPES = YES;
				CLANG_WARN_SUSPICIOUS_MOVE = YES;
				CLANG_WARN_UNGUARDED_AVAILABILITY = YES_AGGRESSIVE;
				CLANG_WARN_UNREACHABLE_CODE = YES;
				CLANG_WARN__DUPLICATE_METHOD_MATCH = YES;
				COPY_PHASE_STRIP = NO;
				DEBUG_INFORMATION_FORMAT = dwarf;
				ENABLE_STRICT_OBJC_MSGSEND = YES;
				ENABLE_TESTABILITY = YES;
				GCC_C_LANGUAGE_STANDARD = gnu11;
				GCC_DYNAMIC_NO_PIC = NO;
				GCC_NO_COMMON_BLOCKS = YES;
				GCC_OPTIMIZATION_LEVEL = 0;
				GCC_PREPROCESSOR_DEFINITIONS = (
					"DEBUG=1",
					"$(inherited)",
				);
				GCC_WARN_64_TO_32_BIT_CONVERSION = YES;
				GCC_WARN_ABOUT_RETURN_TYPE = YES_ERROR;
				GCC_WARN_UNDECLARED_SELECTOR = YES;
				GCC_WARN_UNINITIALIZED_AUTOS = YES_AGGRESSIVE;
				GCC_WARN_UNUSED_FUNCTION = YES;
				GCC_WARN_UNUSED_VARIABLE = YES;
				IPHONEOS_DEPLOYMENT_TARGET = 13.0;
				MTL_ENABLE_DEBUG_INFO = INCLUDE_SOURCE;
				MTL_FAST_MATH = YES;
				ONLY_ACTIVE_ARCH = YES;
				SDKROOT = iphoneos;
				SWIFT_ACTIVE_COMPILATION_CONDITIONS = DEBUG;
				SWIFT_OPTIMIZATION_LEVEL = "-Onone";
			};
			name = Debug;
		};
		11DEFF5D27BEEDA900688EE4 /* Release */ = {
			isa = XCBuildConfiguration;
			buildSettings = {
				ALWAYS_SEARCH_USER_PATHS = NO;
				CLANG_ANALYZER_NONNULL = YES;
				CLANG_ANALYZER_NUMBER_OBJECT_CONVERSION = YES_AGGRESSIVE;
				CLANG_CXX_LANGUAGE_STANDARD = "gnu++17";
				CLANG_CXX_LIBRARY = "libc++";
				CLANG_ENABLE_MODULES = YES;
				CLANG_ENABLE_OBJC_ARC = YES;
				CLANG_ENABLE_OBJC_WEAK = YES;
				CLANG_WARN_BLOCK_CAPTURE_AUTORELEASING = YES;
				CLANG_WARN_BOOL_CONVERSION = YES;
				CLANG_WARN_COMMA = YES;
				CLANG_WARN_CONSTANT_CONVERSION = YES;
				CLANG_WARN_DEPRECATED_OBJC_IMPLEMENTATIONS = YES;
				CLANG_WARN_DIRECT_OBJC_ISA_USAGE = YES_ERROR;
				CLANG_WARN_DOCUMENTATION_COMMENTS = YES;
				CLANG_WARN_EMPTY_BODY = YES;
				CLANG_WARN_ENUM_CONVERSION = YES;
				CLANG_WARN_INFINITE_RECURSION = YES;
				CLANG_WARN_INT_CONVERSION = YES;
				CLANG_WARN_NON_LITERAL_NULL_CONVERSION = YES;
				CLANG_WARN_OBJC_IMPLICIT_RETAIN_SELF = YES;
				CLANG_WARN_OBJC_LITERAL_CONVERSION = YES;
				CLANG_WARN_OBJC_ROOT_CLASS = YES_ERROR;
				CLANG_WARN_QUOTED_INCLUDE_IN_FRAMEWORK_HEADER = YES;
				CLANG_WARN_RANGE_LOOP_ANALYSIS = YES;
				CLANG_WARN_STRICT_PROTOTYPES = YES;
				CLANG_WARN_SUSPICIOUS_MOVE = YES;
				CLANG_WARN_UNGUARDED_AVAILABILITY = YES_AGGRESSIVE;
				CLANG_WARN_UNREACHABLE_CODE = YES;
				CLANG_WARN__DUPLICATE_METHOD_MATCH = YES;
				COPY_PHASE_STRIP = NO;
				DEBUG_INFORMATION_FORMAT = "dwarf-with-dsym";
				ENABLE_NS_ASSERTIONS = NO;
				ENABLE_STRICT_OBJC_MSGSEND = YES;
				GCC_C_LANGUAGE_STANDARD = gnu11;
				GCC_NO_COMMON_BLOCKS = YES;
				GCC_WARN_64_TO_32_BIT_CONVERSION = YES;
				GCC_WARN_ABOUT_RETURN_TYPE = YES_ERROR;
				GCC_WARN_UNDECLARED_SELECTOR = YES;
				GCC_WARN_UNINITIALIZED_AUTOS = YES_AGGRESSIVE;
				GCC_WARN_UNUSED_FUNCTION = YES;
				GCC_WARN_UNUSED_VARIABLE = YES;
				IPHONEOS_DEPLOYMENT_TARGET = 13.0;
				MTL_ENABLE_DEBUG_INFO = NO;
				MTL_FAST_MATH = YES;
				SDKROOT = iphoneos;
				SWIFT_COMPILATION_MODE = wholemodule;
				SWIFT_OPTIMIZATION_LEVEL = "-O";
				VALIDATE_PRODUCT = YES;
			};
			name = Release;
		};
		11DEFF5F27BEEDA900688EE4 /* Debug */ = {
			isa = XCBuildConfiguration;
			baseConfigurationReference = D6D93988BE43974F0F7D105D /* Pods-tinkoff-chat.debug.xcconfig */;
			buildSettings = {
				ASSETCATALOG_COMPILER_APPICON_NAME = AppIcon;
				ASSETCATALOG_COMPILER_GLOBAL_ACCENT_COLOR_NAME = AccentColor;
				CODE_SIGN_IDENTITY = "Apple Development";
				CODE_SIGN_STYLE = Automatic;
				CURRENT_PROJECT_VERSION = 1;
				DEVELOPMENT_TEAM = UA2ZXG4WK9;
				GENERATE_INFOPLIST_FILE = YES;
				INFOPLIST_FILE = "tinkoff-chat/Info.plist";
				INFOPLIST_KEY_NSCameraUsageDescription = "Camera use";
				INFOPLIST_KEY_NSPhotoLibraryUsageDescription = "Library use";
				INFOPLIST_KEY_UIApplicationSupportsIndirectInputEvents = YES;
				INFOPLIST_KEY_UILaunchStoryboardName = LaunchScreen;
				INFOPLIST_KEY_UISupportedInterfaceOrientations = UIInterfaceOrientationPortrait;
				INFOPLIST_KEY_UISupportedInterfaceOrientations_iPad = "UIInterfaceOrientationPortrait UIInterfaceOrientationPortraitUpsideDown UIInterfaceOrientationLandscapeLeft UIInterfaceOrientationLandscapeRight";
				INFOPLIST_KEY_UISupportedInterfaceOrientations_iPhone = "UIInterfaceOrientationPortrait UIInterfaceOrientationLandscapeLeft UIInterfaceOrientationLandscapeRight";
				LD_RUNPATH_SEARCH_PATHS = (
					"$(inherited)",
					"@executable_path/Frameworks",
				);
				MARKETING_VERSION = 1.0;
				PRODUCT_BUNDLE_IDENTIFIER = ru.tinkoff.TinkoffChat;
				PRODUCT_NAME = "$(TARGET_NAME)";
				PROVISIONING_PROFILE_SPECIFIER = "";
				SWIFT_EMIT_LOC_STRINGS = YES;
				SWIFT_VERSION = 5.0;
				TARGETED_DEVICE_FAMILY = 1;
			};
			name = Debug;
		};
		11DEFF6027BEEDA900688EE4 /* Release */ = {
			isa = XCBuildConfiguration;
			baseConfigurationReference = 01ACE05962374C353934854E /* Pods-tinkoff-chat.release.xcconfig */;
			buildSettings = {
				ASSETCATALOG_COMPILER_APPICON_NAME = AppIcon;
				ASSETCATALOG_COMPILER_GLOBAL_ACCENT_COLOR_NAME = AccentColor;
				CODE_SIGN_IDENTITY = "Apple Development";
				CODE_SIGN_STYLE = Automatic;
				CURRENT_PROJECT_VERSION = 1;
				DEVELOPMENT_TEAM = UA2ZXG4WK9;
				GENERATE_INFOPLIST_FILE = YES;
				INFOPLIST_FILE = "tinkoff-chat/Info.plist";
				INFOPLIST_KEY_NSCameraUsageDescription = "Camera use";
				INFOPLIST_KEY_NSPhotoLibraryUsageDescription = "Library use";
				INFOPLIST_KEY_UIApplicationSupportsIndirectInputEvents = YES;
				INFOPLIST_KEY_UILaunchStoryboardName = LaunchScreen;
				INFOPLIST_KEY_UISupportedInterfaceOrientations = UIInterfaceOrientationPortrait;
				INFOPLIST_KEY_UISupportedInterfaceOrientations_iPad = "UIInterfaceOrientationPortrait UIInterfaceOrientationPortraitUpsideDown UIInterfaceOrientationLandscapeLeft UIInterfaceOrientationLandscapeRight";
				INFOPLIST_KEY_UISupportedInterfaceOrientations_iPhone = "UIInterfaceOrientationPortrait UIInterfaceOrientationLandscapeLeft UIInterfaceOrientationLandscapeRight";
				LD_RUNPATH_SEARCH_PATHS = (
					"$(inherited)",
					"@executable_path/Frameworks",
				);
				MARKETING_VERSION = 1.0;
				PRODUCT_BUNDLE_IDENTIFIER = ru.tinkoff.TinkoffChat;
				PRODUCT_NAME = "$(TARGET_NAME)";
				PROVISIONING_PROFILE_SPECIFIER = "";
				SWIFT_EMIT_LOC_STRINGS = YES;
				SWIFT_VERSION = 5.0;
				TARGETED_DEVICE_FAMILY = 1;
			};
			name = Release;
		};
/* End XCBuildConfiguration section */

/* Begin XCConfigurationList section */
		11DEFF4527BEEDA800688EE4 /* Build configuration list for PBXProject "tinkoff-chat" */ = {
			isa = XCConfigurationList;
			buildConfigurations = (
				11DEFF5C27BEEDA900688EE4 /* Debug */,
				11DEFF5D27BEEDA900688EE4 /* Release */,
			);
			defaultConfigurationIsVisible = 0;
			defaultConfigurationName = Release;
		};
		11DEFF5E27BEEDA900688EE4 /* Build configuration list for PBXNativeTarget "tinkoff-chat" */ = {
			isa = XCConfigurationList;
			buildConfigurations = (
				11DEFF5F27BEEDA900688EE4 /* Debug */,
				11DEFF6027BEEDA900688EE4 /* Release */,
			);
			defaultConfigurationIsVisible = 0;
			defaultConfigurationName = Release;
		};
/* End XCConfigurationList section */

/* Begin XCVersionGroup section */
		1100B4FD27FF094D00A19919 /* Chat.xcdatamodeld */ = {
			isa = XCVersionGroup;
			children = (
				1100B4FE27FF094D00A19919 /* Chat.xcdatamodel */,
			);
			currentVersion = 1100B4FE27FF094D00A19919 /* Chat.xcdatamodel */;
			path = Chat.xcdatamodeld;
			sourceTree = "<group>";
			versionGroupType = wrapper.xcdatamodel;
		};
/* End XCVersionGroup section */
	};
	rootObject = 11DEFF4227BEEDA800688EE4 /* Project object */;
}
