// !$*UTF8*$!
{
	archiveVersion = 1;
	classes = {
	};
	objectVersion = 55;
	objects = {

/* Begin PBXBuildFile section */
		1100B4FF27FF094D00A19919 /* Chat.xcdatamodeld in Sources */ = {isa = PBXBuildFile; fileRef = 1100B4FD27FF094D00A19919 /* Chat.xcdatamodeld */; };
		1100B50127FF0D5D00A19919 /* OldCoreDataService.swift in Sources */ = {isa = PBXBuildFile; fileRef = 1100B50027FF0D5D00A19919 /* OldCoreDataService.swift */; };
		1100B50327FF310800A19919 /* CoreDataStack.swift in Sources */ = {isa = PBXBuildFile; fileRef = 1100B50227FF310800A19919 /* CoreDataStack.swift */; };
		110D192128061E780017E92F /* GoogleService-Info.plist in Resources */ = {isa = PBXBuildFile; fileRef = 110D192028061E780017E92F /* GoogleService-Info.plist */; };
		110F157527FFB7D00011248F /* NewCoreDataService.swift in Sources */ = {isa = PBXBuildFile; fileRef = 110F157427FFB7D00011248F /* NewCoreDataService.swift */; };
		11121A282811DEE900096670 /* FetchControllerService.swift in Sources */ = {isa = PBXBuildFile; fileRef = 11121A272811DEE900096670 /* FetchControllerService.swift */; };
		11121A2A2811DEEC00096670 /* IFetchControllerService.swift in Sources */ = {isa = PBXBuildFile; fileRef = 11121A292811DEEC00096670 /* IFetchControllerService.swift */; };
		11121A2D2811DFB100096670 /* ConversationsListViewController+Delegates.swift in Sources */ = {isa = PBXBuildFile; fileRef = 11121A2C2811DFB100096670 /* ConversationsListViewController+Delegates.swift */; };
		11121A2F2811E0F600096670 /* PresentationAssembly.swift in Sources */ = {isa = PBXBuildFile; fileRef = 11121A2E2811E0F600096670 /* PresentationAssembly.swift */; };
		11121A312811E1C700096670 /* IConversationListModel.swift in Sources */ = {isa = PBXBuildFile; fileRef = 11121A302811E1C600096670 /* IConversationListModel.swift */; };
		11121A342811E69100096670 /* ApplicationState.swift in Sources */ = {isa = PBXBuildFile; fileRef = 11121A332811E69100096670 /* ApplicationState.swift */; };
		11121A372811E6C800096670 /* ILoggerService.swift in Sources */ = {isa = PBXBuildFile; fileRef = 11121A362811E6C800096670 /* ILoggerService.swift */; };
		11121A392811E7CA00096670 /* ProfileModel.swift in Sources */ = {isa = PBXBuildFile; fileRef = 11121A382811E7CA00096670 /* ProfileModel.swift */; };
		11121A3B2811E8C800096670 /* IProfileModel.swift in Sources */ = {isa = PBXBuildFile; fileRef = 11121A3A2811E8C800096670 /* IProfileModel.swift */; };
		11121A3D2811EC1F00096670 /* ProfileViewController+Delegates.swift in Sources */ = {isa = PBXBuildFile; fileRef = 11121A3C2811EC1F00096670 /* ProfileViewController+Delegates.swift */; };
		11121A412811EEDE00096670 /* ConversationController+Delegates.swift in Sources */ = {isa = PBXBuildFile; fileRef = 11121A402811EEDE00096670 /* ConversationController+Delegates.swift */; };
		11121A432811EF3000096670 /* IConversationModel.swift in Sources */ = {isa = PBXBuildFile; fileRef = 11121A422811EF3000096670 /* IConversationModel.swift */; };
		11121A452811EF4500096670 /* ConversationModel.swift in Sources */ = {isa = PBXBuildFile; fileRef = 11121A442811EF4500096670 /* ConversationModel.swift */; };
		11121A472811F4BB00096670 /* ConversationTableViewDataSource.swift in Sources */ = {isa = PBXBuildFile; fileRef = 11121A462811F4BB00096670 /* ConversationTableViewDataSource.swift */; };
		111FE23C27D0F41C003D9098 /* UIButton+Color.swift in Sources */ = {isa = PBXBuildFile; fileRef = 111FE23B27D0F41C003D9098 /* UIButton+Color.swift */; };
		111FE23E27D10872003D9098 /* UIViewController+HideKeyboard.swift in Sources */ = {isa = PBXBuildFile; fileRef = 111FE23D27D10872003D9098 /* UIViewController+HideKeyboard.swift */; };
		11202C7327F4EB9E00297F4E /* String+isBlank.swift in Sources */ = {isa = PBXBuildFile; fileRef = 11202C7227F4EB9E00297F4E /* String+isBlank.swift */; };
		1136BB49280FF67D0096F48D /* IThemeService.swift in Sources */ = {isa = PBXBuildFile; fileRef = 1136BB48280FF67D0096F48D /* IThemeService.swift */; };
		1136BB4C280FFC900096F48D /* IProfileDataService.swift in Sources */ = {isa = PBXBuildFile; fileRef = 1136BB4B280FFC900096F48D /* IProfileDataService.swift */; };
		1136BB4E2810044C0096F48D /* ConversationsListTableViewDelegate.swift in Sources */ = {isa = PBXBuildFile; fileRef = 1136BB4D2810044C0096F48D /* ConversationsListTableViewDelegate.swift */; };
		1136BB58281018050096F48D /* UITableView+UpdateRowsState.swift in Sources */ = {isa = PBXBuildFile; fileRef = 1136BB57281018050096F48D /* UITableView+UpdateRowsState.swift */; };
		1136BB5C28103D050096F48D /* ConversationsListModel.swift in Sources */ = {isa = PBXBuildFile; fileRef = 1136BB5B28103D050096F48D /* ConversationsListModel.swift */; };
		11486B3E2819C0F6007ABD39 /* PixabayImageRequest.swift in Sources */ = {isa = PBXBuildFile; fileRef = 11486B3D2819C0F6007ABD39 /* PixabayImageRequest.swift */; };
		11486B402819C102007ABD39 /* PixabayImageParser.swift in Sources */ = {isa = PBXBuildFile; fileRef = 11486B3F2819C102007ABD39 /* PixabayImageParser.swift */; };
		11486B422819C321007ABD39 /* PixabayImagePickerModel.swift in Sources */ = {isa = PBXBuildFile; fileRef = 11486B412819C321007ABD39 /* PixabayImagePickerModel.swift */; };
		11486B442819C5F0007ABD39 /* IPixabayImagePickerModel.swift in Sources */ = {isa = PBXBuildFile; fileRef = 11486B432819C5F0007ABD39 /* IPixabayImagePickerModel.swift */; };
		11486B462819C9E2007ABD39 /* PixabayImagePickerViewCell.swift in Sources */ = {isa = PBXBuildFile; fileRef = 11486B452819C9E2007ABD39 /* PixabayImagePickerViewCell.swift */; };
		114CF65627F352B500D360B5 /* UITableView+Scroll.swift in Sources */ = {isa = PBXBuildFile; fileRef = 114CF65527F352B500D360B5 /* UITableView+Scroll.swift */; };
		116DB0C127EC6DD000FC9E49 /* GCDService.swift in Sources */ = {isa = PBXBuildFile; fileRef = 116DB0C027EC6DD000FC9E49 /* GCDService.swift */; };
		116DB0C627ECBAA100FC9E49 /* WriteOperation.swift in Sources */ = {isa = PBXBuildFile; fileRef = 116DB0C527ECBAA100FC9E49 /* WriteOperation.swift */; };
		116E9DF327D9CF6C003AF977 /* ConversationsListViewController.swift in Sources */ = {isa = PBXBuildFile; fileRef = 116E9DF227D9CF6C003AF977 /* ConversationsListViewController.swift */; };
		116E9DF527D9D03C003AF977 /* ConversationsListView.swift in Sources */ = {isa = PBXBuildFile; fileRef = 116E9DF427D9D03C003AF977 /* ConversationsListView.swift */; };
		116E9DF727D9D20B003AF977 /* ConversationListCell.swift in Sources */ = {isa = PBXBuildFile; fileRef = 116E9DF627D9D20B003AF977 /* ConversationListCell.swift */; };
		116E9DFB27D9D3CE003AF977 /* Constants.swift in Sources */ = {isa = PBXBuildFile; fileRef = 116E9DFA27D9D3CE003AF977 /* Constants.swift */; };
		116E9DFE27DA0586003AF977 /* Channel.swift in Sources */ = {isa = PBXBuildFile; fileRef = 116E9DFD27DA0586003AF977 /* Channel.swift */; };
		116E9E0627DA23FC003AF977 /* ConversationViewController.swift in Sources */ = {isa = PBXBuildFile; fileRef = 116E9E0527DA23FC003AF977 /* ConversationViewController.swift */; };
		116E9E0827DA2425003AF977 /* ConversationView.swift in Sources */ = {isa = PBXBuildFile; fileRef = 116E9E0727DA2425003AF977 /* ConversationView.swift */; };
		116E9E0A27DA25F6003AF977 /* ConversationViewCell.swift in Sources */ = {isa = PBXBuildFile; fileRef = 116E9E0927DA25F6003AF977 /* ConversationViewCell.swift */; };
		11873E6527E32CFD0072FE5B /* CustomColors.swift in Sources */ = {isa = PBXBuildFile; fileRef = 11873E6427E32CFD0072FE5B /* CustomColors.swift */; };
		11873E6827E32FE70072FE5B /* Theme.swift in Sources */ = {isa = PBXBuildFile; fileRef = 11873E6727E32FE70072FE5B /* Theme.swift */; };
		11873E6A27E3313B0072FE5B /* ClassicTheme.swift in Sources */ = {isa = PBXBuildFile; fileRef = 11873E6927E3313B0072FE5B /* ClassicTheme.swift */; };
		11873E6C27E331DF0072FE5B /* NightTheme.swift in Sources */ = {isa = PBXBuildFile; fileRef = 11873E6B27E331DF0072FE5B /* NightTheme.swift */; };
		11873E6E27E3322F0072FE5B /* DayTheme.swift in Sources */ = {isa = PBXBuildFile; fileRef = 11873E6D27E3322F0072FE5B /* DayTheme.swift */; };
		11873E7327E333A90072FE5B /* ThemesViewController.swift in Sources */ = {isa = PBXBuildFile; fileRef = 11873E7227E333A90072FE5B /* ThemesViewController.swift */; };
		11873E7527E333DD0072FE5B /* ThemesView.swift in Sources */ = {isa = PBXBuildFile; fileRef = 11873E7427E333DD0072FE5B /* ThemesView.swift */; };
		11929E63280D788A0045EE34 /* MessageFirebaseService.swift in Sources */ = {isa = PBXBuildFile; fileRef = 11929E62280D788A0045EE34 /* MessageFirebaseService.swift */; };
		11929E65280D7F220045EE34 /* IMessageFirebaseService.swift in Sources */ = {isa = PBXBuildFile; fileRef = 11929E64280D7F220045EE34 /* IMessageFirebaseService.swift */; };
		11929E68280D84780045EE34 /* IChannelFirebaseService.swift in Sources */ = {isa = PBXBuildFile; fileRef = 11929E67280D84780045EE34 /* IChannelFirebaseService.swift */; };
		11929E6A280D854D0045EE34 /* ChannelFirebaseService.swift in Sources */ = {isa = PBXBuildFile; fileRef = 11929E69280D854D0045EE34 /* ChannelFirebaseService.swift */; };
		11929E6C280D8DD80045EE34 /* ServiceAssembly.swift in Sources */ = {isa = PBXBuildFile; fileRef = 11929E6B280D8DD80045EE34 /* ServiceAssembly.swift */; };
		11929E6F280D98810045EE34 /* ICoreDataService.swift in Sources */ = {isa = PBXBuildFile; fileRef = 11929E6E280D98810045EE34 /* ICoreDataService.swift */; };
		11929E71280D9CC30045EE34 /* ICoreDataStack.swift in Sources */ = {isa = PBXBuildFile; fileRef = 11929E70280D9CC30045EE34 /* ICoreDataStack.swift */; };
		119EF9F127ECF72D00EA3378 /* OperationsService.swift in Sources */ = {isa = PBXBuildFile; fileRef = 119EF9F027ECF72D00EA3378 /* OperationsService.swift */; };
		119EF9F327ECFB2500EA3378 /* ReadOperation.swift in Sources */ = {isa = PBXBuildFile; fileRef = 119EF9F227ECFB2500EA3378 /* ReadOperation.swift */; };
		119EF9F527ECFF5000EA3378 /* IMultithreadingService.swift in Sources */ = {isa = PBXBuildFile; fileRef = 119EF9F427ECFF5000EA3378 /* IMultithreadingService.swift */; };
		11A51284281825E500EA1C18 /* IRequest.swift in Sources */ = {isa = PBXBuildFile; fileRef = 11A51283281825E500EA1C18 /* IRequest.swift */; };
		11A512862818264900EA1C18 /* IParser.swift in Sources */ = {isa = PBXBuildFile; fileRef = 11A512852818264900EA1C18 /* IParser.swift */; };
		11A51288281826A200EA1C18 /* RequestConfig.swift in Sources */ = {isa = PBXBuildFile; fileRef = 11A51287281826A200EA1C18 /* RequestConfig.swift */; };
		11A5128A281827B000EA1C18 /* IRequestSender.swift in Sources */ = {isa = PBXBuildFile; fileRef = 11A51289281827B000EA1C18 /* IRequestSender.swift */; };
		11A7D3042800A65800ECDB4A /* IStorageService.swift in Sources */ = {isa = PBXBuildFile; fileRef = 11A7D3032800A65800ECDB4A /* IStorageService.swift */; };
		11A7D3082800C04200ECDB4A /* StorageService.swift in Sources */ = {isa = PBXBuildFile; fileRef = 11A7D3072800C04200ECDB4A /* StorageService.swift */; };
		11A8556E27C807FE0005514D /* ProfileViewController.swift in Sources */ = {isa = PBXBuildFile; fileRef = 11A8556D27C807FE0005514D /* ProfileViewController.swift */; };
		11A8557027C80F720005514D /* ProfileView.swift in Sources */ = {isa = PBXBuildFile; fileRef = 11A8556F27C80F720005514D /* ProfileView.swift */; };
		11A8557227C813020005514D /* UIColor+HEX.swift in Sources */ = {isa = PBXBuildFile; fileRef = 11A8557127C813020005514D /* UIColor+HEX.swift */; };
		11A8557427C8188D0005514D /* UIView+Nib.swift in Sources */ = {isa = PBXBuildFile; fileRef = 11A8557327C8188D0005514D /* UIView+Nib.swift */; };
		11AFB5012817FB15005FD8FC /* PixabayImagePickerViewController.swift in Sources */ = {isa = PBXBuildFile; fileRef = 11AFB5002817FB15005FD8FC /* PixabayImagePickerViewController.swift */; };
		11AFB5032817FBB6005FD8FC /* PixabayImagePickerView.swift in Sources */ = {isa = PBXBuildFile; fileRef = 11AFB5022817FBB6005FD8FC /* PixabayImagePickerView.swift */; };
		11AFB5052817FD5A005FD8FC /* PixabayImagePickerCollectionViewDelegate.swift in Sources */ = {isa = PBXBuildFile; fileRef = 11AFB5042817FD5A005FD8FC /* PixabayImagePickerCollectionViewDelegate.swift */; };
		11AFB5072817FDE3005FD8FC /* PixabayImagePickerCollectionViewDataSource.swift in Sources */ = {isa = PBXBuildFile; fileRef = 11AFB5062817FDE3005FD8FC /* PixabayImagePickerCollectionViewDataSource.swift */; };
		11B0845E280D5AD500AC0320 /* ConversationsListTableViewDataSource.swift in Sources */ = {isa = PBXBuildFile; fileRef = 11B0845D280D5AD500AC0320 /* ConversationsListTableViewDataSource.swift */; };
		11B08463280D681000AC0320 /* IFirebaseService.swift in Sources */ = {isa = PBXBuildFile; fileRef = 11B08462280D681000AC0320 /* IFirebaseService.swift */; };
		11B08465280D6ABA00AC0320 /* FirebaseService.swift in Sources */ = {isa = PBXBuildFile; fileRef = 11B08464280D6ABA00AC0320 /* FirebaseService.swift */; };
		11B08468280D778D00AC0320 /* CoreAssembly.swift in Sources */ = {isa = PBXBuildFile; fileRef = 11B08467280D778D00AC0320 /* CoreAssembly.swift */; };
		11CC1EBF27C69DC200450552 /* Logger.swift in Sources */ = {isa = PBXBuildFile; fileRef = 11CC1EBE27C69DC200450552 /* Logger.swift */; };
		11D7FA7227E358D5003A3303 /* ThemeService.swift in Sources */ = {isa = PBXBuildFile; fileRef = 11D7FA7127E358D4003A3303 /* ThemeService.swift */; };
		11D7FA7427E36463003A3303 /* Themes.swift in Sources */ = {isa = PBXBuildFile; fileRef = 11D7FA7327E36463003A3303 /* Themes.swift */; };
		11DEFF4E27BEEDA800688EE4 /* AppDelegate.swift in Sources */ = {isa = PBXBuildFile; fileRef = 11DEFF4D27BEEDA800688EE4 /* AppDelegate.swift */; };
		11DEFF5727BEEDA900688EE4 /* Assets.xcassets in Resources */ = {isa = PBXBuildFile; fileRef = 11DEFF5627BEEDA900688EE4 /* Assets.xcassets */; };
		11DEFF5A27BEEDA900688EE4 /* LaunchScreen.storyboard in Resources */ = {isa = PBXBuildFile; fileRef = 11DEFF5827BEEDA900688EE4 /* LaunchScreen.storyboard */; };
		11E129F0281961CF0086DDA7 /* RequestSender.swift in Sources */ = {isa = PBXBuildFile; fileRef = 11E129EF281961CF0086DDA7 /* RequestSender.swift */; };
		11E129F2281964880086DDA7 /* URLSession+AsyncTask.swift in Sources */ = {isa = PBXBuildFile; fileRef = 11E129F1281964880086DDA7 /* URLSession+AsyncTask.swift */; };
		11E129F528196E550086DDA7 /* ImagesListRequest.swift in Sources */ = {isa = PBXBuildFile; fileRef = 11E129F428196E550086DDA7 /* ImagesListRequest.swift */; };
		11E129F7281972500086DDA7 /* PixabayConstants.swift in Sources */ = {isa = PBXBuildFile; fileRef = 11E129F6281972500086DDA7 /* PixabayConstants.swift */; };
		11E129FA281978820086DDA7 /* ImagesListParser.swift in Sources */ = {isa = PBXBuildFile; fileRef = 11E129F9281978820086DDA7 /* ImagesListParser.swift */; };
		11E129FC281978990086DDA7 /* ImagesList.swift in Sources */ = {isa = PBXBuildFile; fileRef = 11E129FB281978990086DDA7 /* ImagesList.swift */; };
		11E12A00281981370086DDA7 /* NetworkConfigFactory.swift in Sources */ = {isa = PBXBuildFile; fileRef = 11E129FF281981370086DDA7 /* NetworkConfigFactory.swift */; };
		11E717F327EADF4A00E963E6 /* ProfileDataService.swift in Sources */ = {isa = PBXBuildFile; fileRef = 11E717F227EADF4A00E963E6 /* ProfileDataService.swift */; };
		11E717F827EAE16200E963E6 /* JSONSerialization+JSONFile.swift in Sources */ = {isa = PBXBuildFile; fileRef = 11E717F727EAE16200E963E6 /* JSONSerialization+JSONFile.swift */; };
		11E717FA27EAE1DA00E963E6 /* Profile.swift in Sources */ = {isa = PBXBuildFile; fileRef = 11E717F927EAE1DA00E963E6 /* Profile.swift */; };
		11E717FE27EAE49500E963E6 /* Message.swift in Sources */ = {isa = PBXBuildFile; fileRef = 11E717FD27EAE49500E963E6 /* Message.swift */; };
		A73332455F47B49AB2820C8A /* Pods_tinkoff_chat.framework in Frameworks */ = {isa = PBXBuildFile; fileRef = 8EA2C152E6311E94EAA2803A /* Pods_tinkoff_chat.framework */; };
/* End PBXBuildFile section */

/* Begin PBXFileReference section */
		01ACE05962374C353934854E /* Pods-tinkoff-chat.release.xcconfig */ = {isa = PBXFileReference; includeInIndex = 1; lastKnownFileType = text.xcconfig; name = "Pods-tinkoff-chat.release.xcconfig"; path = "Target Support Files/Pods-tinkoff-chat/Pods-tinkoff-chat.release.xcconfig"; sourceTree = "<group>"; };
		1100B4FE27FF094D00A19919 /* Chat.xcdatamodel */ = {isa = PBXFileReference; lastKnownFileType = wrapper.xcdatamodel; path = Chat.xcdatamodel; sourceTree = "<group>"; };
		1100B50027FF0D5D00A19919 /* OldCoreDataService.swift */ = {isa = PBXFileReference; lastKnownFileType = sourcecode.swift; path = OldCoreDataService.swift; sourceTree = "<group>"; };
		1100B50227FF310800A19919 /* CoreDataStack.swift */ = {isa = PBXFileReference; lastKnownFileType = sourcecode.swift; path = CoreDataStack.swift; sourceTree = "<group>"; };
		110D192028061E780017E92F /* GoogleService-Info.plist */ = {isa = PBXFileReference; fileEncoding = 4; lastKnownFileType = text.plist.xml; path = "GoogleService-Info.plist"; sourceTree = "<group>"; };
		110F157427FFB7D00011248F /* NewCoreDataService.swift */ = {isa = PBXFileReference; lastKnownFileType = sourcecode.swift; path = NewCoreDataService.swift; sourceTree = "<group>"; };
		11121A272811DEE900096670 /* FetchControllerService.swift */ = {isa = PBXFileReference; fileEncoding = 4; lastKnownFileType = sourcecode.swift; path = FetchControllerService.swift; sourceTree = "<group>"; };
		11121A292811DEEC00096670 /* IFetchControllerService.swift */ = {isa = PBXFileReference; lastKnownFileType = sourcecode.swift; path = IFetchControllerService.swift; sourceTree = "<group>"; };
		11121A2C2811DFB100096670 /* ConversationsListViewController+Delegates.swift */ = {isa = PBXFileReference; lastKnownFileType = sourcecode.swift; path = "ConversationsListViewController+Delegates.swift"; sourceTree = "<group>"; };
		11121A2E2811E0F600096670 /* PresentationAssembly.swift */ = {isa = PBXFileReference; lastKnownFileType = sourcecode.swift; path = PresentationAssembly.swift; sourceTree = "<group>"; };
		11121A302811E1C600096670 /* IConversationListModel.swift */ = {isa = PBXFileReference; lastKnownFileType = sourcecode.swift; path = IConversationListModel.swift; sourceTree = "<group>"; };
		11121A332811E69100096670 /* ApplicationState.swift */ = {isa = PBXFileReference; lastKnownFileType = sourcecode.swift; path = ApplicationState.swift; sourceTree = "<group>"; };
		11121A362811E6C800096670 /* ILoggerService.swift */ = {isa = PBXFileReference; lastKnownFileType = sourcecode.swift; path = ILoggerService.swift; sourceTree = "<group>"; };
		11121A382811E7CA00096670 /* ProfileModel.swift */ = {isa = PBXFileReference; lastKnownFileType = sourcecode.swift; path = ProfileModel.swift; sourceTree = "<group>"; };
		11121A3A2811E8C800096670 /* IProfileModel.swift */ = {isa = PBXFileReference; lastKnownFileType = sourcecode.swift; path = IProfileModel.swift; sourceTree = "<group>"; };
		11121A3C2811EC1F00096670 /* ProfileViewController+Delegates.swift */ = {isa = PBXFileReference; lastKnownFileType = sourcecode.swift; path = "ProfileViewController+Delegates.swift"; sourceTree = "<group>"; };
		11121A402811EEDE00096670 /* ConversationController+Delegates.swift */ = {isa = PBXFileReference; lastKnownFileType = sourcecode.swift; path = "ConversationController+Delegates.swift"; sourceTree = "<group>"; };
		11121A422811EF3000096670 /* IConversationModel.swift */ = {isa = PBXFileReference; lastKnownFileType = sourcecode.swift; path = IConversationModel.swift; sourceTree = "<group>"; };
		11121A442811EF4500096670 /* ConversationModel.swift */ = {isa = PBXFileReference; lastKnownFileType = sourcecode.swift; path = ConversationModel.swift; sourceTree = "<group>"; };
		11121A462811F4BB00096670 /* ConversationTableViewDataSource.swift */ = {isa = PBXFileReference; lastKnownFileType = sourcecode.swift; path = ConversationTableViewDataSource.swift; sourceTree = "<group>"; };
		111FE23B27D0F41C003D9098 /* UIButton+Color.swift */ = {isa = PBXFileReference; lastKnownFileType = sourcecode.swift; path = "UIButton+Color.swift"; sourceTree = "<group>"; };
		111FE23D27D10872003D9098 /* UIViewController+HideKeyboard.swift */ = {isa = PBXFileReference; lastKnownFileType = sourcecode.swift; path = "UIViewController+HideKeyboard.swift"; sourceTree = "<group>"; };
		11202C7227F4EB9E00297F4E /* String+isBlank.swift */ = {isa = PBXFileReference; lastKnownFileType = sourcecode.swift; path = "String+isBlank.swift"; sourceTree = "<group>"; };
		1136BB48280FF67D0096F48D /* IThemeService.swift */ = {isa = PBXFileReference; lastKnownFileType = sourcecode.swift; path = IThemeService.swift; sourceTree = "<group>"; };
		1136BB4B280FFC900096F48D /* IProfileDataService.swift */ = {isa = PBXFileReference; lastKnownFileType = sourcecode.swift; path = IProfileDataService.swift; sourceTree = "<group>"; };
		1136BB4D2810044C0096F48D /* ConversationsListTableViewDelegate.swift */ = {isa = PBXFileReference; lastKnownFileType = sourcecode.swift; path = ConversationsListTableViewDelegate.swift; sourceTree = "<group>"; };
		1136BB57281018050096F48D /* UITableView+UpdateRowsState.swift */ = {isa = PBXFileReference; lastKnownFileType = sourcecode.swift; path = "UITableView+UpdateRowsState.swift"; sourceTree = "<group>"; };
		1136BB5B28103D050096F48D /* ConversationsListModel.swift */ = {isa = PBXFileReference; lastKnownFileType = sourcecode.swift; path = ConversationsListModel.swift; sourceTree = "<group>"; };
		11486B3D2819C0F6007ABD39 /* PixabayImageRequest.swift */ = {isa = PBXFileReference; lastKnownFileType = sourcecode.swift; path = PixabayImageRequest.swift; sourceTree = "<group>"; };
		11486B3F2819C102007ABD39 /* PixabayImageParser.swift */ = {isa = PBXFileReference; lastKnownFileType = sourcecode.swift; path = PixabayImageParser.swift; sourceTree = "<group>"; };
		11486B412819C321007ABD39 /* PixabayImagePickerModel.swift */ = {isa = PBXFileReference; lastKnownFileType = sourcecode.swift; path = PixabayImagePickerModel.swift; sourceTree = "<group>"; };
		11486B432819C5F0007ABD39 /* IPixabayImagePickerModel.swift */ = {isa = PBXFileReference; lastKnownFileType = sourcecode.swift; path = IPixabayImagePickerModel.swift; sourceTree = "<group>"; };
		11486B452819C9E2007ABD39 /* PixabayImagePickerViewCell.swift */ = {isa = PBXFileReference; lastKnownFileType = sourcecode.swift; path = PixabayImagePickerViewCell.swift; sourceTree = "<group>"; };
		114CF65527F352B500D360B5 /* UITableView+Scroll.swift */ = {isa = PBXFileReference; lastKnownFileType = sourcecode.swift; path = "UITableView+Scroll.swift"; sourceTree = "<group>"; };
		116DB0C027EC6DD000FC9E49 /* GCDService.swift */ = {isa = PBXFileReference; lastKnownFileType = sourcecode.swift; path = GCDService.swift; sourceTree = "<group>"; };
		116DB0C527ECBAA100FC9E49 /* WriteOperation.swift */ = {isa = PBXFileReference; lastKnownFileType = sourcecode.swift; path = WriteOperation.swift; sourceTree = "<group>"; };
		116E9DF227D9CF6C003AF977 /* ConversationsListViewController.swift */ = {isa = PBXFileReference; lastKnownFileType = sourcecode.swift; path = ConversationsListViewController.swift; sourceTree = "<group>"; };
		116E9DF427D9D03C003AF977 /* ConversationsListView.swift */ = {isa = PBXFileReference; lastKnownFileType = sourcecode.swift; path = ConversationsListView.swift; sourceTree = "<group>"; };
		116E9DF627D9D20B003AF977 /* ConversationListCell.swift */ = {isa = PBXFileReference; lastKnownFileType = sourcecode.swift; path = ConversationListCell.swift; sourceTree = "<group>"; };
		116E9DFA27D9D3CE003AF977 /* Constants.swift */ = {isa = PBXFileReference; lastKnownFileType = sourcecode.swift; path = Constants.swift; sourceTree = "<group>"; };
		116E9DFD27DA0586003AF977 /* Channel.swift */ = {isa = PBXFileReference; lastKnownFileType = sourcecode.swift; path = Channel.swift; sourceTree = "<group>"; };
		116E9E0527DA23FC003AF977 /* ConversationViewController.swift */ = {isa = PBXFileReference; lastKnownFileType = sourcecode.swift; path = ConversationViewController.swift; sourceTree = "<group>"; };
		116E9E0727DA2425003AF977 /* ConversationView.swift */ = {isa = PBXFileReference; lastKnownFileType = sourcecode.swift; path = ConversationView.swift; sourceTree = "<group>"; };
		116E9E0927DA25F6003AF977 /* ConversationViewCell.swift */ = {isa = PBXFileReference; lastKnownFileType = sourcecode.swift; path = ConversationViewCell.swift; sourceTree = "<group>"; };
		11873E6427E32CFD0072FE5B /* CustomColors.swift */ = {isa = PBXFileReference; lastKnownFileType = sourcecode.swift; path = CustomColors.swift; sourceTree = "<group>"; };
		11873E6727E32FE70072FE5B /* Theme.swift */ = {isa = PBXFileReference; lastKnownFileType = sourcecode.swift; path = Theme.swift; sourceTree = "<group>"; };
		11873E6927E3313B0072FE5B /* ClassicTheme.swift */ = {isa = PBXFileReference; lastKnownFileType = sourcecode.swift; path = ClassicTheme.swift; sourceTree = "<group>"; };
		11873E6B27E331DF0072FE5B /* NightTheme.swift */ = {isa = PBXFileReference; lastKnownFileType = sourcecode.swift; path = NightTheme.swift; sourceTree = "<group>"; };
		11873E6D27E3322F0072FE5B /* DayTheme.swift */ = {isa = PBXFileReference; lastKnownFileType = sourcecode.swift; path = DayTheme.swift; sourceTree = "<group>"; };
		11873E7227E333A90072FE5B /* ThemesViewController.swift */ = {isa = PBXFileReference; lastKnownFileType = sourcecode.swift; path = ThemesViewController.swift; sourceTree = "<group>"; };
		11873E7427E333DD0072FE5B /* ThemesView.swift */ = {isa = PBXFileReference; lastKnownFileType = sourcecode.swift; path = ThemesView.swift; sourceTree = "<group>"; };
		11929E62280D788A0045EE34 /* MessageFirebaseService.swift */ = {isa = PBXFileReference; lastKnownFileType = sourcecode.swift; path = MessageFirebaseService.swift; sourceTree = "<group>"; };
		11929E64280D7F220045EE34 /* IMessageFirebaseService.swift */ = {isa = PBXFileReference; lastKnownFileType = sourcecode.swift; path = IMessageFirebaseService.swift; sourceTree = "<group>"; };
		11929E67280D84780045EE34 /* IChannelFirebaseService.swift */ = {isa = PBXFileReference; lastKnownFileType = sourcecode.swift; path = IChannelFirebaseService.swift; sourceTree = "<group>"; };
		11929E69280D854D0045EE34 /* ChannelFirebaseService.swift */ = {isa = PBXFileReference; lastKnownFileType = sourcecode.swift; path = ChannelFirebaseService.swift; sourceTree = "<group>"; };
		11929E6B280D8DD80045EE34 /* ServiceAssembly.swift */ = {isa = PBXFileReference; lastKnownFileType = sourcecode.swift; path = ServiceAssembly.swift; sourceTree = "<group>"; };
		11929E6E280D98810045EE34 /* ICoreDataService.swift */ = {isa = PBXFileReference; lastKnownFileType = sourcecode.swift; path = ICoreDataService.swift; sourceTree = "<group>"; };
		11929E70280D9CC30045EE34 /* ICoreDataStack.swift */ = {isa = PBXFileReference; lastKnownFileType = sourcecode.swift; path = ICoreDataStack.swift; sourceTree = "<group>"; };
		119EF9F027ECF72D00EA3378 /* OperationsService.swift */ = {isa = PBXFileReference; lastKnownFileType = sourcecode.swift; path = OperationsService.swift; sourceTree = "<group>"; };
		119EF9F227ECFB2500EA3378 /* ReadOperation.swift */ = {isa = PBXFileReference; lastKnownFileType = sourcecode.swift; path = ReadOperation.swift; sourceTree = "<group>"; };
		119EF9F427ECFF5000EA3378 /* IMultithreadingService.swift */ = {isa = PBXFileReference; lastKnownFileType = sourcecode.swift; path = IMultithreadingService.swift; sourceTree = "<group>"; };
		11A51283281825E500EA1C18 /* IRequest.swift */ = {isa = PBXFileReference; lastKnownFileType = sourcecode.swift; path = IRequest.swift; sourceTree = "<group>"; };
		11A512852818264900EA1C18 /* IParser.swift */ = {isa = PBXFileReference; lastKnownFileType = sourcecode.swift; path = IParser.swift; sourceTree = "<group>"; };
		11A51287281826A200EA1C18 /* RequestConfig.swift */ = {isa = PBXFileReference; lastKnownFileType = sourcecode.swift; path = RequestConfig.swift; sourceTree = "<group>"; };
		11A51289281827B000EA1C18 /* IRequestSender.swift */ = {isa = PBXFileReference; lastKnownFileType = sourcecode.swift; path = IRequestSender.swift; sourceTree = "<group>"; };
		11A7D3032800A65800ECDB4A /* IStorageService.swift */ = {isa = PBXFileReference; lastKnownFileType = sourcecode.swift; path = IStorageService.swift; sourceTree = "<group>"; };
		11A7D3072800C04200ECDB4A /* StorageService.swift */ = {isa = PBXFileReference; lastKnownFileType = sourcecode.swift; path = StorageService.swift; sourceTree = "<group>"; };
		11A8556D27C807FE0005514D /* ProfileViewController.swift */ = {isa = PBXFileReference; lastKnownFileType = sourcecode.swift; path = ProfileViewController.swift; sourceTree = "<group>"; };
		11A8556F27C80F720005514D /* ProfileView.swift */ = {isa = PBXFileReference; lastKnownFileType = sourcecode.swift; path = ProfileView.swift; sourceTree = "<group>"; };
		11A8557127C813020005514D /* UIColor+HEX.swift */ = {isa = PBXFileReference; lastKnownFileType = sourcecode.swift; path = "UIColor+HEX.swift"; sourceTree = "<group>"; };
		11A8557327C8188D0005514D /* UIView+Nib.swift */ = {isa = PBXFileReference; lastKnownFileType = sourcecode.swift; path = "UIView+Nib.swift"; sourceTree = "<group>"; };
		11AFB5002817FB15005FD8FC /* PixabayImagePickerViewController.swift */ = {isa = PBXFileReference; lastKnownFileType = sourcecode.swift; path = PixabayImagePickerViewController.swift; sourceTree = "<group>"; };
		11AFB5022817FBB6005FD8FC /* PixabayImagePickerView.swift */ = {isa = PBXFileReference; lastKnownFileType = sourcecode.swift; path = PixabayImagePickerView.swift; sourceTree = "<group>"; };
		11AFB5042817FD5A005FD8FC /* PixabayImagePickerCollectionViewDelegate.swift */ = {isa = PBXFileReference; lastKnownFileType = sourcecode.swift; path = PixabayImagePickerCollectionViewDelegate.swift; sourceTree = "<group>"; };
		11AFB5062817FDE3005FD8FC /* PixabayImagePickerCollectionViewDataSource.swift */ = {isa = PBXFileReference; lastKnownFileType = sourcecode.swift; path = PixabayImagePickerCollectionViewDataSource.swift; sourceTree = "<group>"; };
		11B0845D280D5AD500AC0320 /* ConversationsListTableViewDataSource.swift */ = {isa = PBXFileReference; lastKnownFileType = sourcecode.swift; path = ConversationsListTableViewDataSource.swift; sourceTree = "<group>"; };
		11B08462280D681000AC0320 /* IFirebaseService.swift */ = {isa = PBXFileReference; lastKnownFileType = sourcecode.swift; path = IFirebaseService.swift; sourceTree = "<group>"; };
		11B08464280D6ABA00AC0320 /* FirebaseService.swift */ = {isa = PBXFileReference; lastKnownFileType = sourcecode.swift; path = FirebaseService.swift; sourceTree = "<group>"; };
		11B08467280D778D00AC0320 /* CoreAssembly.swift */ = {isa = PBXFileReference; lastKnownFileType = sourcecode.swift; path = CoreAssembly.swift; sourceTree = "<group>"; };
		11CC1EBE27C69DC200450552 /* Logger.swift */ = {isa = PBXFileReference; lastKnownFileType = sourcecode.swift; path = Logger.swift; sourceTree = "<group>"; };
		11D7FA7127E358D4003A3303 /* ThemeService.swift */ = {isa = PBXFileReference; lastKnownFileType = sourcecode.swift; path = ThemeService.swift; sourceTree = "<group>"; };
		11D7FA7327E36463003A3303 /* Themes.swift */ = {isa = PBXFileReference; lastKnownFileType = sourcecode.swift; path = Themes.swift; sourceTree = "<group>"; };
		11DEFF4A27BEEDA800688EE4 /* tinkoff-chat.app */ = {isa = PBXFileReference; explicitFileType = wrapper.application; includeInIndex = 0; path = "tinkoff-chat.app"; sourceTree = BUILT_PRODUCTS_DIR; };
		11DEFF4D27BEEDA800688EE4 /* AppDelegate.swift */ = {isa = PBXFileReference; lastKnownFileType = sourcecode.swift; path = AppDelegate.swift; sourceTree = "<group>"; };
		11DEFF5627BEEDA900688EE4 /* Assets.xcassets */ = {isa = PBXFileReference; lastKnownFileType = folder.assetcatalog; path = Assets.xcassets; sourceTree = "<group>"; };
		11DEFF5927BEEDA900688EE4 /* Base */ = {isa = PBXFileReference; lastKnownFileType = file.storyboard; name = Base; path = Base.lproj/LaunchScreen.storyboard; sourceTree = "<group>"; };
		11DEFF5B27BEEDA900688EE4 /* Info.plist */ = {isa = PBXFileReference; lastKnownFileType = text.plist.xml; path = Info.plist; sourceTree = "<group>"; };
		11E129EF281961CF0086DDA7 /* RequestSender.swift */ = {isa = PBXFileReference; lastKnownFileType = sourcecode.swift; path = RequestSender.swift; sourceTree = "<group>"; };
		11E129F1281964880086DDA7 /* URLSession+AsyncTask.swift */ = {isa = PBXFileReference; lastKnownFileType = sourcecode.swift; path = "URLSession+AsyncTask.swift"; sourceTree = "<group>"; };
		11E129F428196E550086DDA7 /* ImagesListRequest.swift */ = {isa = PBXFileReference; lastKnownFileType = sourcecode.swift; path = ImagesListRequest.swift; sourceTree = "<group>"; };
		11E129F6281972500086DDA7 /* PixabayConstants.swift */ = {isa = PBXFileReference; lastKnownFileType = sourcecode.swift; path = PixabayConstants.swift; sourceTree = "<group>"; };
		11E129F9281978820086DDA7 /* ImagesListParser.swift */ = {isa = PBXFileReference; lastKnownFileType = sourcecode.swift; path = ImagesListParser.swift; sourceTree = "<group>"; };
		11E129FB281978990086DDA7 /* ImagesList.swift */ = {isa = PBXFileReference; lastKnownFileType = sourcecode.swift; path = ImagesList.swift; sourceTree = "<group>"; };
		11E129FF281981370086DDA7 /* NetworkConfigFactory.swift */ = {isa = PBXFileReference; lastKnownFileType = sourcecode.swift; path = NetworkConfigFactory.swift; sourceTree = "<group>"; };
		11E717F227EADF4A00E963E6 /* ProfileDataService.swift */ = {isa = PBXFileReference; lastKnownFileType = sourcecode.swift; path = ProfileDataService.swift; sourceTree = "<group>"; };
		11E717F727EAE16200E963E6 /* JSONSerialization+JSONFile.swift */ = {isa = PBXFileReference; lastKnownFileType = sourcecode.swift; path = "JSONSerialization+JSONFile.swift"; sourceTree = "<group>"; };
		11E717F927EAE1DA00E963E6 /* Profile.swift */ = {isa = PBXFileReference; lastKnownFileType = sourcecode.swift; path = Profile.swift; sourceTree = "<group>"; };
		11E717FD27EAE49500E963E6 /* Message.swift */ = {isa = PBXFileReference; lastKnownFileType = sourcecode.swift; path = Message.swift; sourceTree = "<group>"; };
		8EA2C152E6311E94EAA2803A /* Pods_tinkoff_chat.framework */ = {isa = PBXFileReference; explicitFileType = wrapper.framework; includeInIndex = 0; path = Pods_tinkoff_chat.framework; sourceTree = BUILT_PRODUCTS_DIR; };
		D6D93988BE43974F0F7D105D /* Pods-tinkoff-chat.debug.xcconfig */ = {isa = PBXFileReference; includeInIndex = 1; lastKnownFileType = text.xcconfig; name = "Pods-tinkoff-chat.debug.xcconfig"; path = "Target Support Files/Pods-tinkoff-chat/Pods-tinkoff-chat.debug.xcconfig"; sourceTree = "<group>"; };
/* End PBXFileReference section */

/* Begin PBXFrameworksBuildPhase section */
		11DEFF4727BEEDA800688EE4 /* Frameworks */ = {
			isa = PBXFrameworksBuildPhase;
			buildActionMask = 2147483647;
			files = (
				A73332455F47B49AB2820C8A /* Pods_tinkoff_chat.framework in Frameworks */,
			);
			runOnlyForDeploymentPostprocessing = 0;
		};
/* End PBXFrameworksBuildPhase section */

/* Begin PBXGroup section */
		1100B4FC27FF092C00A19919 /* StorageService */ = {
			isa = PBXGroup;
			children = (
				11A7D3032800A65800ECDB4A /* IStorageService.swift */,
				11A7D3072800C04200ECDB4A /* StorageService.swift */,
			);
			path = StorageService;
			sourceTree = "<group>";
		};
		11121A262811DED000096670 /* FetchControllerService */ = {
			isa = PBXGroup;
			children = (
				11121A272811DEE900096670 /* FetchControllerService.swift */,
				11121A292811DEEC00096670 /* IFetchControllerService.swift */,
			);
			path = FetchControllerService;
			sourceTree = "<group>";
		};
		11121A2B2811DF3400096670 /* Models */ = {
			isa = PBXGroup;
			children = (
				116E9DFA27D9D3CE003AF977 /* Constants.swift */,
				11873E6427E32CFD0072FE5B /* CustomColors.swift */,
				11121A332811E69100096670 /* ApplicationState.swift */,
			);
			path = Models;
			sourceTree = "<group>";
		};
		11121A352811E6B700096670 /* LoggerService */ = {
			isa = PBXGroup;
			children = (
				11121A362811E6C800096670 /* ILoggerService.swift */,
				11CC1EBE27C69DC200450552 /* Logger.swift */,
			);
			path = LoggerService;
			sourceTree = "<group>";
		};
		11121A3E2811EE2400096670 /* Controller */ = {
			isa = PBXGroup;
			children = (
				11A8556D27C807FE0005514D /* ProfileViewController.swift */,
				11121A3C2811EC1F00096670 /* ProfileViewController+Delegates.swift */,
			);
			path = Controller;
			sourceTree = "<group>";
		};
		11121A3F2811EE9100096670 /* Controller */ = {
			isa = PBXGroup;
			children = (
				11873E7227E333A90072FE5B /* ThemesViewController.swift */,
			);
			path = Controller;
			sourceTree = "<group>";
		};
		11121A482811F61C00096670 /* Controller */ = {
			isa = PBXGroup;
			children = (
				116E9E0527DA23FC003AF977 /* ConversationViewController.swift */,
				11121A402811EEDE00096670 /* ConversationController+Delegates.swift */,
				11121A462811F4BB00096670 /* ConversationTableViewDataSource.swift */,
			);
			path = Controller;
			sourceTree = "<group>";
		};
		1136BB47280FF66D0096F48D /* ThemeService */ = {
			isa = PBXGroup;
			children = (
				1136BB48280FF67D0096F48D /* IThemeService.swift */,
				11D7FA7127E358D4003A3303 /* ThemeService.swift */,
			);
			path = ThemeService;
			sourceTree = "<group>";
		};
		1136BB4A280FFC7A0096F48D /* ProfileDataService */ = {
			isa = PBXGroup;
			children = (
				11E717F227EADF4A00E963E6 /* ProfileDataService.swift */,
				1136BB4B280FFC900096F48D /* IProfileDataService.swift */,
			);
			path = ProfileDataService;
			sourceTree = "<group>";
		};
		1142F8242811DD9800983BCE /* Controller */ = {
			isa = PBXGroup;
			children = (
				116E9DF227D9CF6C003AF977 /* ConversationsListViewController.swift */,
				11B0845D280D5AD500AC0320 /* ConversationsListTableViewDataSource.swift */,
				1136BB4D2810044C0096F48D /* ConversationsListTableViewDelegate.swift */,
				11121A2C2811DFB100096670 /* ConversationsListViewController+Delegates.swift */,
			);
			path = Controller;
			sourceTree = "<group>";
		};
		11486B3C2819C04D007ABD39 /* PixabayImage */ = {
			isa = PBXGroup;
			children = (
				11486B3D2819C0F6007ABD39 /* PixabayImageRequest.swift */,
				11486B3F2819C102007ABD39 /* PixabayImageParser.swift */,
			);
			path = PixabayImage;
			sourceTree = "<group>";
		};
		116DB0C427ECBA8C00FC9E49 /* Operations */ = {
			isa = PBXGroup;
			children = (
				116DB0C527ECBAA100FC9E49 /* WriteOperation.swift */,
				119EF9F227ECFB2500EA3378 /* ReadOperation.swift */,
			);
			path = Operations;
			sourceTree = "<group>";
		};
		116E9DEF27D9CEBA003AF977 /* ConversationsList */ = {
			isa = PBXGroup;
			children = (
				1142F8242811DD9800983BCE /* Controller */,
				11B08459280D4F1500AC0320 /* Model */,
				116E9DF127D9CF4D003AF977 /* View */,
			);
			path = ConversationsList;
			sourceTree = "<group>";
		};
		116E9DF127D9CF4D003AF977 /* View */ = {
			isa = PBXGroup;
			children = (
				116E9DF427D9D03C003AF977 /* ConversationsListView.swift */,
				116E9DF627D9D20B003AF977 /* ConversationListCell.swift */,
			);
			path = View;
			sourceTree = "<group>";
		};
		116E9E0127DA23C4003AF977 /* Conversation */ = {
			isa = PBXGroup;
			children = (
				11121A482811F61C00096670 /* Controller */,
				11B08457280D4EEA00AC0320 /* Model */,
				116E9E0327DA23D4003AF977 /* View */,
			);
			path = Conversation;
			sourceTree = "<group>";
		};
		116E9E0327DA23D4003AF977 /* View */ = {
			isa = PBXGroup;
			children = (
				116E9E0727DA2425003AF977 /* ConversationView.swift */,
				116E9E0927DA25F6003AF977 /* ConversationViewCell.swift */,
			);
			path = View;
			sourceTree = "<group>";
		};
		11873E6627E32FCA0072FE5B /* Model */ = {
			isa = PBXGroup;
			children = (
				11D7FA7327E36463003A3303 /* Themes.swift */,
				11873E6727E32FE70072FE5B /* Theme.swift */,
				11873E6927E3313B0072FE5B /* ClassicTheme.swift */,
				11873E6D27E3322F0072FE5B /* DayTheme.swift */,
				11873E6B27E331DF0072FE5B /* NightTheme.swift */,
			);
			path = Model;
			sourceTree = "<group>";
		};
		11873E6F27E333490072FE5B /* Themes */ = {
			isa = PBXGroup;
			children = (
				11121A3F2811EE9100096670 /* Controller */,
				11873E6627E32FCA0072FE5B /* Model */,
				11873E7027E333800072FE5B /* View */,
			);
			path = Themes;
			sourceTree = "<group>";
		};
		11873E7027E333800072FE5B /* View */ = {
			isa = PBXGroup;
			children = (
				11873E7427E333DD0072FE5B /* ThemesView.swift */,
			);
			path = View;
			sourceTree = "<group>";
		};
		11929E66280D84610045EE34 /* ChannelFirebaseService */ = {
			isa = PBXGroup;
			children = (
				11929E69280D854D0045EE34 /* ChannelFirebaseService.swift */,
				11929E67280D84780045EE34 /* IChannelFirebaseService.swift */,
			);
			path = ChannelFirebaseService;
			sourceTree = "<group>";
		};
		11929E6D280D983D0045EE34 /* CoreDataService */ = {
			isa = PBXGroup;
			children = (
				11929E6E280D98810045EE34 /* ICoreDataService.swift */,
				11929E70280D9CC30045EE34 /* ICoreDataStack.swift */,
				110F157427FFB7D00011248F /* NewCoreDataService.swift */,
				1100B50027FF0D5D00A19919 /* OldCoreDataService.swift */,
				1100B50227FF310800A19919 /* CoreDataStack.swift */,
			);
			path = CoreDataService;
			sourceTree = "<group>";
		};
		11929E72280DA0150045EE34 /* MultithreadingService */ = {
			isa = PBXGroup;
			children = (
				116DB0C427ECBA8C00FC9E49 /* Operations */,
				116DB0C027EC6DD000FC9E49 /* GCDService.swift */,
				119EF9F027ECF72D00EA3378 /* OperationsService.swift */,
				119EF9F427ECFF5000EA3378 /* IMultithreadingService.swift */,
			);
			path = MultithreadingService;
			sourceTree = "<group>";
		};
		11A51282281825C800EA1C18 /* NetworkService */ = {
			isa = PBXGroup;
			children = (
				11A51283281825E500EA1C18 /* IRequest.swift */,
				11A512852818264900EA1C18 /* IParser.swift */,
				11A51287281826A200EA1C18 /* RequestConfig.swift */,
				11A51289281827B000EA1C18 /* IRequestSender.swift */,
				11E129EF281961CF0086DDA7 /* RequestSender.swift */,
			);
			path = NetworkService;
			sourceTree = "<group>";
		};
		11A8556827C807840005514D /* Profile */ = {
			isa = PBXGroup;
			children = (
				11121A3E2811EE2400096670 /* Controller */,
				11B08458280D4F0800AC0320 /* Model */,
				11A8556B27C807D70005514D /* View */,
			);
			path = Profile;
			sourceTree = "<group>";
		};
		11A8556B27C807D70005514D /* View */ = {
			isa = PBXGroup;
			children = (
				11A8556F27C80F720005514D /* ProfileView.swift */,
			);
			path = View;
			sourceTree = "<group>";
		};
		11AFB4FC2817FAC8005FD8FC /* PixabayImagePicker */ = {
			isa = PBXGroup;
			children = (
				11AFB4FF2817FAEF005FD8FC /* Controller */,
				11AFB4FE2817FAEB005FD8FC /* View */,
				11AFB4FD2817FAE4005FD8FC /* Model */,
			);
			path = PixabayImagePicker;
			sourceTree = "<group>";
		};
		11AFB4FD2817FAE4005FD8FC /* Model */ = {
			isa = PBXGroup;
			children = (
				11486B412819C321007ABD39 /* PixabayImagePickerModel.swift */,
				11486B432819C5F0007ABD39 /* IPixabayImagePickerModel.swift */,
			);
			path = Model;
			sourceTree = "<group>";
		};
		11AFB4FE2817FAEB005FD8FC /* View */ = {
			isa = PBXGroup;
			children = (
				11AFB5022817FBB6005FD8FC /* PixabayImagePickerView.swift */,
				11486B452819C9E2007ABD39 /* PixabayImagePickerViewCell.swift */,
			);
			path = View;
			sourceTree = "<group>";
		};
		11AFB4FF2817FAEF005FD8FC /* Controller */ = {
			isa = PBXGroup;
			children = (
				11AFB5002817FB15005FD8FC /* PixabayImagePickerViewController.swift */,
				11AFB5042817FD5A005FD8FC /* PixabayImagePickerCollectionViewDelegate.swift */,
				11AFB5062817FDE3005FD8FC /* PixabayImagePickerCollectionViewDataSource.swift */,
			);
			path = Controller;
			sourceTree = "<group>";
		};
		11B08456280D4E6700AC0320 /* Core */ = {
			isa = PBXGroup;
			children = (
				11A51282281825C800EA1C18 /* NetworkService */,
				11121A352811E6B700096670 /* LoggerService */,
				11121A2B2811DF3400096670 /* Models */,
				11B08461280D679D00AC0320 /* FirebaseService */,
				1100B4FC27FF092C00A19919 /* StorageService */,
				11B08467280D778D00AC0320 /* CoreAssembly.swift */,
			);
			path = Core;
			sourceTree = "<group>";
		};
		11B08457280D4EEA00AC0320 /* Model */ = {
			isa = PBXGroup;
			children = (
				11E717FD27EAE49500E963E6 /* Message.swift */,
				11121A422811EF3000096670 /* IConversationModel.swift */,
				11121A442811EF4500096670 /* ConversationModel.swift */,
			);
			path = Model;
			sourceTree = "<group>";
		};
		11B08458280D4F0800AC0320 /* Model */ = {
			isa = PBXGroup;
			children = (
				11E717F927EAE1DA00E963E6 /* Profile.swift */,
				11121A382811E7CA00096670 /* ProfileModel.swift */,
				11121A3A2811E8C800096670 /* IProfileModel.swift */,
			);
			path = Model;
			sourceTree = "<group>";
		};
		11B08459280D4F1500AC0320 /* Model */ = {
			isa = PBXGroup;
			children = (
				116E9DFD27DA0586003AF977 /* Channel.swift */,
				1136BB5B28103D050096F48D /* ConversationsListModel.swift */,
				11121A302811E1C600096670 /* IConversationListModel.swift */,
			);
			path = Model;
			sourceTree = "<group>";
		};
		11B0845A280D515200AC0320 /* Classes */ = {
			isa = PBXGroup;
			children = (
				11CC1EBC27C69D5400450552 /* Presentation */,
				11CC1EBB27C69D4B00450552 /* Service */,
				11B08456280D4E6700AC0320 /* Core */,
				11CC1EBD27C69D5E00450552 /* Extensions */,
			);
			path = Classes;
			sourceTree = "<group>";
		};
		11B0845B280D515700AC0320 /* Resources */ = {
			isa = PBXGroup;
			children = (
				1100B4FD27FF094D00A19919 /* Chat.xcdatamodeld */,
				11DEFF5627BEEDA900688EE4 /* Assets.xcassets */,
				11DEFF5827BEEDA900688EE4 /* LaunchScreen.storyboard */,
			);
			path = Resources;
			sourceTree = "<group>";
		};
		11B0845C280D516700AC0320 /* Supporting Files */ = {
			isa = PBXGroup;
			children = (
				110D192028061E780017E92F /* GoogleService-Info.plist */,
				11DEFF5B27BEEDA900688EE4 /* Info.plist */,
			);
			path = "Supporting Files";
			sourceTree = "<group>";
		};
		11B08461280D679D00AC0320 /* FirebaseService */ = {
			isa = PBXGroup;
			children = (
				11B08462280D681000AC0320 /* IFirebaseService.swift */,
				11B08464280D6ABA00AC0320 /* FirebaseService.swift */,
			);
			path = FirebaseService;
			sourceTree = "<group>";
		};
		11B08466280D718A00AC0320 /* MessageFirebaseService */ = {
			isa = PBXGroup;
			children = (
				11929E62280D788A0045EE34 /* MessageFirebaseService.swift */,
				11929E64280D7F220045EE34 /* IMessageFirebaseService.swift */,
			);
			path = MessageFirebaseService;
			sourceTree = "<group>";
		};
		11CC1EBB27C69D4B00450552 /* Service */ = {
			isa = PBXGroup;
			children = (
				11E129F328196AAC0086DDA7 /* NetworkService */,
				11121A262811DED000096670 /* FetchControllerService */,
				1136BB4A280FFC7A0096F48D /* ProfileDataService */,
				1136BB47280FF66D0096F48D /* ThemeService */,
				11929E72280DA0150045EE34 /* MultithreadingService */,
				11929E6D280D983D0045EE34 /* CoreDataService */,
				11929E66280D84610045EE34 /* ChannelFirebaseService */,
				11B08466280D718A00AC0320 /* MessageFirebaseService */,
				11929E6B280D8DD80045EE34 /* ServiceAssembly.swift */,
			);
			path = Service;
			sourceTree = "<group>";
		};
		11CC1EBC27C69D5400450552 /* Presentation */ = {
			isa = PBXGroup;
			children = (
				11AFB4FC2817FAC8005FD8FC /* PixabayImagePicker */,
				11873E6F27E333490072FE5B /* Themes */,
				116E9E0127DA23C4003AF977 /* Conversation */,
				116E9DEF27D9CEBA003AF977 /* ConversationsList */,
				11A8556827C807840005514D /* Profile */,
				11DEFF4D27BEEDA800688EE4 /* AppDelegate.swift */,
				11121A2E2811E0F600096670 /* PresentationAssembly.swift */,
			);
			path = Presentation;
			sourceTree = "<group>";
		};
		11CC1EBD27C69D5E00450552 /* Extensions */ = {
			isa = PBXGroup;
			children = (
				11A8557127C813020005514D /* UIColor+HEX.swift */,
				11A8557327C8188D0005514D /* UIView+Nib.swift */,
				111FE23B27D0F41C003D9098 /* UIButton+Color.swift */,
				111FE23D27D10872003D9098 /* UIViewController+HideKeyboard.swift */,
				11E717F727EAE16200E963E6 /* JSONSerialization+JSONFile.swift */,
				114CF65527F352B500D360B5 /* UITableView+Scroll.swift */,
				11202C7227F4EB9E00297F4E /* String+isBlank.swift */,
				1136BB57281018050096F48D /* UITableView+UpdateRowsState.swift */,
				11E129F1281964880086DDA7 /* URLSession+AsyncTask.swift */,
			);
			path = Extensions;
			sourceTree = "<group>";
		};
		11DEFF4127BEEDA800688EE4 = {
			isa = PBXGroup;
			children = (
				11DEFF4C27BEEDA800688EE4 /* tinkoff-chat */,
				11DEFF4B27BEEDA800688EE4 /* Products */,
				37D5EDBDD391DF82820D466A /* Pods */,
				A700436FC00F89592514DA41 /* Frameworks */,
			);
			sourceTree = "<group>";
		};
		11DEFF4B27BEEDA800688EE4 /* Products */ = {
			isa = PBXGroup;
			children = (
				11DEFF4A27BEEDA800688EE4 /* tinkoff-chat.app */,
			);
			name = Products;
			sourceTree = "<group>";
		};
		11DEFF4C27BEEDA800688EE4 /* tinkoff-chat */ = {
			isa = PBXGroup;
			children = (
				11B0845A280D515200AC0320 /* Classes */,
				11B0845B280D515700AC0320 /* Resources */,
				11B0845C280D516700AC0320 /* Supporting Files */,
			);
			path = "tinkoff-chat";
			sourceTree = "<group>";
		};
		11E129F328196AAC0086DDA7 /* NetworkService */ = {
			isa = PBXGroup;
			children = (
				11486B3C2819C04D007ABD39 /* PixabayImage */,
				11E129F82819786A0086DDA7 /* ImagesList */,
				11E129F6281972500086DDA7 /* PixabayConstants.swift */,
				11E129FF281981370086DDA7 /* NetworkConfigFactory.swift */,
			);
			path = NetworkService;
			sourceTree = "<group>";
		};
		11E129F82819786A0086DDA7 /* ImagesList */ = {
			isa = PBXGroup;
			children = (
				11E129F428196E550086DDA7 /* ImagesListRequest.swift */,
				11E129F9281978820086DDA7 /* ImagesListParser.swift */,
				11E129FB281978990086DDA7 /* ImagesList.swift */,
			);
			path = ImagesList;
			sourceTree = "<group>";
		};
		37D5EDBDD391DF82820D466A /* Pods */ = {
			isa = PBXGroup;
			children = (
				D6D93988BE43974F0F7D105D /* Pods-tinkoff-chat.debug.xcconfig */,
				01ACE05962374C353934854E /* Pods-tinkoff-chat.release.xcconfig */,
			);
			path = Pods;
			sourceTree = "<group>";
		};
		A700436FC00F89592514DA41 /* Frameworks */ = {
			isa = PBXGroup;
			children = (
				8EA2C152E6311E94EAA2803A /* Pods_tinkoff_chat.framework */,
			);
			name = Frameworks;
			sourceTree = "<group>";
		};
/* End PBXGroup section */

/* Begin PBXNativeTarget section */
		11DEFF4927BEEDA800688EE4 /* tinkoff-chat */ = {
			isa = PBXNativeTarget;
			buildConfigurationList = 11DEFF5E27BEEDA900688EE4 /* Build configuration list for PBXNativeTarget "tinkoff-chat" */;
			buildPhases = (
				5FC045E14ECE6A338E3D1853 /* [CP] Check Pods Manifest.lock */,
				11DEFF4627BEEDA800688EE4 /* Sources */,
				11DEFF4727BEEDA800688EE4 /* Frameworks */,
				11DEFF4827BEEDA800688EE4 /* Resources */,
				92FB260ACFBAC7CFC6320EE7 /* [CP] Embed Pods Frameworks */,
				1195AD2C27EFA67A004A2EB0 /* Run Script */,
			);
			buildRules = (
			);
			dependencies = (
			);
			name = "tinkoff-chat";
			productName = "tinkoff-chat";
			productReference = 11DEFF4A27BEEDA800688EE4 /* tinkoff-chat.app */;
			productType = "com.apple.product-type.application";
		};
/* End PBXNativeTarget section */

/* Begin PBXProject section */
		11DEFF4227BEEDA800688EE4 /* Project object */ = {
			isa = PBXProject;
			attributes = {
				BuildIndependentTargetsInParallel = 1;
				LastSwiftUpdateCheck = 1310;
				LastUpgradeCheck = 1310;
				TargetAttributes = {
					11DEFF4927BEEDA800688EE4 = {
						CreatedOnToolsVersion = 13.1;
					};
				};
			};
			buildConfigurationList = 11DEFF4527BEEDA800688EE4 /* Build configuration list for PBXProject "tinkoff-chat" */;
			compatibilityVersion = "Xcode 13.0";
			developmentRegion = en;
			hasScannedForEncodings = 0;
			knownRegions = (
				en,
				Base,
			);
			mainGroup = 11DEFF4127BEEDA800688EE4;
			productRefGroup = 11DEFF4B27BEEDA800688EE4 /* Products */;
			projectDirPath = "";
			projectRoot = "";
			targets = (
				11DEFF4927BEEDA800688EE4 /* tinkoff-chat */,
			);
		};
/* End PBXProject section */

/* Begin PBXResourcesBuildPhase section */
		11DEFF4827BEEDA800688EE4 /* Resources */ = {
			isa = PBXResourcesBuildPhase;
			buildActionMask = 2147483647;
			files = (
				11DEFF5A27BEEDA900688EE4 /* LaunchScreen.storyboard in Resources */,
				11DEFF5727BEEDA900688EE4 /* Assets.xcassets in Resources */,
				110D192128061E780017E92F /* GoogleService-Info.plist in Resources */,
			);
			runOnlyForDeploymentPostprocessing = 0;
		};
/* End PBXResourcesBuildPhase section */

/* Begin PBXShellScriptBuildPhase section */
		1195AD2C27EFA67A004A2EB0 /* Run Script */ = {
			isa = PBXShellScriptBuildPhase;
			buildActionMask = 2147483647;
			files = (
			);
			inputFileListPaths = (
			);
			inputPaths = (
			);
			name = "Run Script";
			outputFileListPaths = (
			);
			outputPaths = (
			);
			runOnlyForDeploymentPostprocessing = 0;
			shellPath = /bin/sh;
			shellScript = "# Type a script or drag a script file from your workspace to insert its path.\n${PODS_ROOT}/SwiftLint/swiftlint --config ${SRCROOT}/.swiftlint.yml\n";
		};
		5FC045E14ECE6A338E3D1853 /* [CP] Check Pods Manifest.lock */ = {
			isa = PBXShellScriptBuildPhase;
			buildActionMask = 2147483647;
			files = (
			);
			inputFileListPaths = (
			);
			inputPaths = (
				"${PODS_PODFILE_DIR_PATH}/Podfile.lock",
				"${PODS_ROOT}/Manifest.lock",
			);
			name = "[CP] Check Pods Manifest.lock";
			outputFileListPaths = (
			);
			outputPaths = (
				"$(DERIVED_FILE_DIR)/Pods-tinkoff-chat-checkManifestLockResult.txt",
			);
			runOnlyForDeploymentPostprocessing = 0;
			shellPath = /bin/sh;
			shellScript = "diff \"${PODS_PODFILE_DIR_PATH}/Podfile.lock\" \"${PODS_ROOT}/Manifest.lock\" > /dev/null\nif [ $? != 0 ] ; then\n    # print error to STDERR\n    echo \"error: The sandbox is not in sync with the Podfile.lock. Run 'pod install' or update your CocoaPods installation.\" >&2\n    exit 1\nfi\n# This output is used by Xcode 'outputs' to avoid re-running this script phase.\necho \"SUCCESS\" > \"${SCRIPT_OUTPUT_FILE_0}\"\n";
			showEnvVarsInLog = 0;
		};
		92FB260ACFBAC7CFC6320EE7 /* [CP] Embed Pods Frameworks */ = {
			isa = PBXShellScriptBuildPhase;
			buildActionMask = 2147483647;
			files = (
			);
			inputFileListPaths = (
				"${PODS_ROOT}/Target Support Files/Pods-tinkoff-chat/Pods-tinkoff-chat-frameworks-${CONFIGURATION}-input-files.xcfilelist",
			);
			name = "[CP] Embed Pods Frameworks";
			outputFileListPaths = (
				"${PODS_ROOT}/Target Support Files/Pods-tinkoff-chat/Pods-tinkoff-chat-frameworks-${CONFIGURATION}-output-files.xcfilelist",
			);
			runOnlyForDeploymentPostprocessing = 0;
			shellPath = /bin/sh;
			shellScript = "\"${PODS_ROOT}/Target Support Files/Pods-tinkoff-chat/Pods-tinkoff-chat-frameworks.sh\"\n";
			showEnvVarsInLog = 0;
		};
/* End PBXShellScriptBuildPhase section */

/* Begin PBXSourcesBuildPhase section */
		11DEFF4627BEEDA800688EE4 /* Sources */ = {
			isa = PBXSourcesBuildPhase;
			buildActionMask = 2147483647;
			files = (
				11929E6A280D854D0045EE34 /* ChannelFirebaseService.swift in Sources */,
				11929E6C280D8DD80045EE34 /* ServiceAssembly.swift in Sources */,
				11486B462819C9E2007ABD39 /* PixabayImagePickerViewCell.swift in Sources */,
				11A8557027C80F720005514D /* ProfileView.swift in Sources */,
				11121A392811E7CA00096670 /* ProfileModel.swift in Sources */,
				11121A312811E1C700096670 /* IConversationListModel.swift in Sources */,
				11121A372811E6C800096670 /* ILoggerService.swift in Sources */,
				119EF9F127ECF72D00EA3378 /* OperationsService.swift in Sources */,
				11929E63280D788A0045EE34 /* MessageFirebaseService.swift in Sources */,
				1100B50127FF0D5D00A19919 /* OldCoreDataService.swift in Sources */,
				111FE23E27D10872003D9098 /* UIViewController+HideKeyboard.swift in Sources */,
				11121A282811DEE900096670 /* FetchControllerService.swift in Sources */,
				116E9E0A27DA25F6003AF977 /* ConversationViewCell.swift in Sources */,
				11873E7327E333A90072FE5B /* ThemesViewController.swift in Sources */,
				116E9DF727D9D20B003AF977 /* ConversationListCell.swift in Sources */,
				11E717FE27EAE49500E963E6 /* Message.swift in Sources */,
				11E717F827EAE16200E963E6 /* JSONSerialization+JSONFile.swift in Sources */,
				1136BB4C280FFC900096F48D /* IProfileDataService.swift in Sources */,
				116E9DF327D9CF6C003AF977 /* ConversationsListViewController.swift in Sources */,
				11B08465280D6ABA00AC0320 /* FirebaseService.swift in Sources */,
				1100B4FF27FF094D00A19919 /* Chat.xcdatamodeld in Sources */,
				116DB0C627ECBAA100FC9E49 /* WriteOperation.swift in Sources */,
				11873E6827E32FE70072FE5B /* Theme.swift in Sources */,
				11121A452811EF4500096670 /* ConversationModel.swift in Sources */,
				11121A412811EEDE00096670 /* ConversationController+Delegates.swift in Sources */,
				11E717FA27EAE1DA00E963E6 /* Profile.swift in Sources */,
				11121A472811F4BB00096670 /* ConversationTableViewDataSource.swift in Sources */,
				11873E6527E32CFD0072FE5B /* CustomColors.swift in Sources */,
				11CC1EBF27C69DC200450552 /* Logger.swift in Sources */,
				11E129F7281972500086DDA7 /* PixabayConstants.swift in Sources */,
				119EF9F327ECFB2500EA3378 /* ReadOperation.swift in Sources */,
				11486B3E2819C0F6007ABD39 /* PixabayImageRequest.swift in Sources */,
				11A51284281825E500EA1C18 /* IRequest.swift in Sources */,
				11929E65280D7F220045EE34 /* IMessageFirebaseService.swift in Sources */,
				11873E7527E333DD0072FE5B /* ThemesView.swift in Sources */,
				11E129F2281964880086DDA7 /* URLSession+AsyncTask.swift in Sources */,
				11A8557427C8188D0005514D /* UIView+Nib.swift in Sources */,
				11929E68280D84780045EE34 /* IChannelFirebaseService.swift in Sources */,
				11873E6E27E3322F0072FE5B /* DayTheme.swift in Sources */,
				11121A3B2811E8C800096670 /* IProfileModel.swift in Sources */,
				116E9DFB27D9D3CE003AF977 /* Constants.swift in Sources */,
				11B08463280D681000AC0320 /* IFirebaseService.swift in Sources */,
				11486B402819C102007ABD39 /* PixabayImageParser.swift in Sources */,
				11D7FA7227E358D5003A3303 /* ThemeService.swift in Sources */,
				11E129F528196E550086DDA7 /* ImagesListRequest.swift in Sources */,
				11121A2D2811DFB100096670 /* ConversationsListViewController+Delegates.swift in Sources */,
				114CF65627F352B500D360B5 /* UITableView+Scroll.swift in Sources */,
				1136BB58281018050096F48D /* UITableView+UpdateRowsState.swift in Sources */,
				11202C7327F4EB9E00297F4E /* String+isBlank.swift in Sources */,
				11486B442819C5F0007ABD39 /* IPixabayImagePickerModel.swift in Sources */,
				116E9DFE27DA0586003AF977 /* Channel.swift in Sources */,
				11E129FC281978990086DDA7 /* ImagesList.swift in Sources */,
				11A8556E27C807FE0005514D /* ProfileViewController.swift in Sources */,
				11121A342811E69100096670 /* ApplicationState.swift in Sources */,
				11E129FA281978820086DDA7 /* ImagesListParser.swift in Sources */,
				11AFB5012817FB15005FD8FC /* PixabayImagePickerViewController.swift in Sources */,
				116E9E0627DA23FC003AF977 /* ConversationViewController.swift in Sources */,
				1136BB5C28103D050096F48D /* ConversationsListModel.swift in Sources */,
				119EF9F527ECFF5000EA3378 /* IMultithreadingService.swift in Sources */,
				11E129F0281961CF0086DDA7 /* RequestSender.swift in Sources */,
				11A5128A281827B000EA1C18 /* IRequestSender.swift in Sources */,
				11121A432811EF3000096670 /* IConversationModel.swift in Sources */,
				11A7D3042800A65800ECDB4A /* IStorageService.swift in Sources */,
				110F157527FFB7D00011248F /* NewCoreDataService.swift in Sources */,
				11E717F327EADF4A00E963E6 /* ProfileDataService.swift in Sources */,
				11A51288281826A200EA1C18 /* RequestConfig.swift in Sources */,
				116E9E0827DA2425003AF977 /* ConversationView.swift in Sources */,
				1136BB49280FF67D0096F48D /* IThemeService.swift in Sources */,
				11121A2A2811DEEC00096670 /* IFetchControllerService.swift in Sources */,
				116DB0C127EC6DD000FC9E49 /* GCDService.swift in Sources */,
				11929E6F280D98810045EE34 /* ICoreDataService.swift in Sources */,
				111FE23C27D0F41C003D9098 /* UIButton+Color.swift in Sources */,
				11D7FA7427E36463003A3303 /* Themes.swift in Sources */,
				11AFB5052817FD5A005FD8FC /* PixabayImagePickerCollectionViewDelegate.swift in Sources */,
				11873E6C27E331DF0072FE5B /* NightTheme.swift in Sources */,
				11B08468280D778D00AC0320 /* CoreAssembly.swift in Sources */,
				11121A3D2811EC1F00096670 /* ProfileViewController+Delegates.swift in Sources */,
				11AFB5072817FDE3005FD8FC /* PixabayImagePickerCollectionViewDataSource.swift in Sources */,
				11AFB5032817FBB6005FD8FC /* PixabayImagePickerView.swift in Sources */,
				116E9DF527D9D03C003AF977 /* ConversationsListView.swift in Sources */,
				11486B422819C321007ABD39 /* PixabayImagePickerModel.swift in Sources */,
				11DEFF4E27BEEDA800688EE4 /* AppDelegate.swift in Sources */,
				11A7D3082800C04200ECDB4A /* StorageService.swift in Sources */,
				11121A2F2811E0F600096670 /* PresentationAssembly.swift in Sources */,
				11929E71280D9CC30045EE34 /* ICoreDataStack.swift in Sources */,
				11A512862818264900EA1C18 /* IParser.swift in Sources */,
				11E12A00281981370086DDA7 /* NetworkConfigFactory.swift in Sources */,
				1136BB4E2810044C0096F48D /* ConversationsListTableViewDelegate.swift in Sources */,
				11873E6A27E3313B0072FE5B /* ClassicTheme.swift in Sources */,
				1100B50327FF310800A19919 /* CoreDataStack.swift in Sources */,
				11B0845E280D5AD500AC0320 /* ConversationsListTableViewDataSource.swift in Sources */,
				11A8557227C813020005514D /* UIColor+HEX.swift in Sources */,
			);
			runOnlyForDeploymentPostprocessing = 0;
		};
/* End PBXSourcesBuildPhase section */

/* Begin PBXVariantGroup section */
		11DEFF5827BEEDA900688EE4 /* LaunchScreen.storyboard */ = {
			isa = PBXVariantGroup;
			children = (
				11DEFF5927BEEDA900688EE4 /* Base */,
			);
			name = LaunchScreen.storyboard;
			sourceTree = "<group>";
		};
/* End PBXVariantGroup section */

/* Begin XCBuildConfiguration section */
		11DEFF5C27BEEDA900688EE4 /* Debug */ = {
			isa = XCBuildConfiguration;
			buildSettings = {
				ALWAYS_SEARCH_USER_PATHS = NO;
				CLANG_ANALYZER_NONNULL = YES;
				CLANG_ANALYZER_NUMBER_OBJECT_CONVERSION = YES_AGGRESSIVE;
				CLANG_CXX_LANGUAGE_STANDARD = "gnu++17";
				CLANG_CXX_LIBRARY = "libc++";
				CLANG_ENABLE_MODULES = YES;
				CLANG_ENABLE_OBJC_ARC = YES;
				CLANG_ENABLE_OBJC_WEAK = YES;
				CLANG_WARN_BLOCK_CAPTURE_AUTORELEASING = YES;
				CLANG_WARN_BOOL_CONVERSION = YES;
				CLANG_WARN_COMMA = YES;
				CLANG_WARN_CONSTANT_CONVERSION = YES;
				CLANG_WARN_DEPRECATED_OBJC_IMPLEMENTATIONS = YES;
				CLANG_WARN_DIRECT_OBJC_ISA_USAGE = YES_ERROR;
				CLANG_WARN_DOCUMENTATION_COMMENTS = YES;
				CLANG_WARN_EMPTY_BODY = YES;
				CLANG_WARN_ENUM_CONVERSION = YES;
				CLANG_WARN_INFINITE_RECURSION = YES;
				CLANG_WARN_INT_CONVERSION = YES;
				CLANG_WARN_NON_LITERAL_NULL_CONVERSION = YES;
				CLANG_WARN_OBJC_IMPLICIT_RETAIN_SELF = YES;
				CLANG_WARN_OBJC_LITERAL_CONVERSION = YES;
				CLANG_WARN_OBJC_ROOT_CLASS = YES_ERROR;
				CLANG_WARN_QUOTED_INCLUDE_IN_FRAMEWORK_HEADER = YES;
				CLANG_WARN_RANGE_LOOP_ANALYSIS = YES;
				CLANG_WARN_STRICT_PROTOTYPES = YES;
				CLANG_WARN_SUSPICIOUS_MOVE = YES;
				CLANG_WARN_UNGUARDED_AVAILABILITY = YES_AGGRESSIVE;
				CLANG_WARN_UNREACHABLE_CODE = YES;
				CLANG_WARN__DUPLICATE_METHOD_MATCH = YES;
				COPY_PHASE_STRIP = NO;
				DEBUG_INFORMATION_FORMAT = dwarf;
				ENABLE_STRICT_OBJC_MSGSEND = YES;
				ENABLE_TESTABILITY = YES;
				GCC_C_LANGUAGE_STANDARD = gnu11;
				GCC_DYNAMIC_NO_PIC = NO;
				GCC_NO_COMMON_BLOCKS = YES;
				GCC_OPTIMIZATION_LEVEL = 0;
				GCC_PREPROCESSOR_DEFINITIONS = (
					"DEBUG=1",
					"$(inherited)",
				);
				GCC_WARN_64_TO_32_BIT_CONVERSION = YES;
				GCC_WARN_ABOUT_RETURN_TYPE = YES_ERROR;
				GCC_WARN_UNDECLARED_SELECTOR = YES;
				GCC_WARN_UNINITIALIZED_AUTOS = YES_AGGRESSIVE;
				GCC_WARN_UNUSED_FUNCTION = YES;
				GCC_WARN_UNUSED_VARIABLE = YES;
				IPHONEOS_DEPLOYMENT_TARGET = 13.0;
				MTL_ENABLE_DEBUG_INFO = INCLUDE_SOURCE;
				MTL_FAST_MATH = YES;
				ONLY_ACTIVE_ARCH = YES;
				SDKROOT = iphoneos;
				SWIFT_ACTIVE_COMPILATION_CONDITIONS = DEBUG;
				SWIFT_OPTIMIZATION_LEVEL = "-Onone";
			};
			name = Debug;
		};
		11DEFF5D27BEEDA900688EE4 /* Release */ = {
			isa = XCBuildConfiguration;
			buildSettings = {
				ALWAYS_SEARCH_USER_PATHS = NO;
				CLANG_ANALYZER_NONNULL = YES;
				CLANG_ANALYZER_NUMBER_OBJECT_CONVERSION = YES_AGGRESSIVE;
				CLANG_CXX_LANGUAGE_STANDARD = "gnu++17";
				CLANG_CXX_LIBRARY = "libc++";
				CLANG_ENABLE_MODULES = YES;
				CLANG_ENABLE_OBJC_ARC = YES;
				CLANG_ENABLE_OBJC_WEAK = YES;
				CLANG_WARN_BLOCK_CAPTURE_AUTORELEASING = YES;
				CLANG_WARN_BOOL_CONVERSION = YES;
				CLANG_WARN_COMMA = YES;
				CLANG_WARN_CONSTANT_CONVERSION = YES;
				CLANG_WARN_DEPRECATED_OBJC_IMPLEMENTATIONS = YES;
				CLANG_WARN_DIRECT_OBJC_ISA_USAGE = YES_ERROR;
				CLANG_WARN_DOCUMENTATION_COMMENTS = YES;
				CLANG_WARN_EMPTY_BODY = YES;
				CLANG_WARN_ENUM_CONVERSION = YES;
				CLANG_WARN_INFINITE_RECURSION = YES;
				CLANG_WARN_INT_CONVERSION = YES;
				CLANG_WARN_NON_LITERAL_NULL_CONVERSION = YES;
				CLANG_WARN_OBJC_IMPLICIT_RETAIN_SELF = YES;
				CLANG_WARN_OBJC_LITERAL_CONVERSION = YES;
				CLANG_WARN_OBJC_ROOT_CLASS = YES_ERROR;
				CLANG_WARN_QUOTED_INCLUDE_IN_FRAMEWORK_HEADER = YES;
				CLANG_WARN_RANGE_LOOP_ANALYSIS = YES;
				CLANG_WARN_STRICT_PROTOTYPES = YES;
				CLANG_WARN_SUSPICIOUS_MOVE = YES;
				CLANG_WARN_UNGUARDED_AVAILABILITY = YES_AGGRESSIVE;
				CLANG_WARN_UNREACHABLE_CODE = YES;
				CLANG_WARN__DUPLICATE_METHOD_MATCH = YES;
				COPY_PHASE_STRIP = NO;
				DEBUG_INFORMATION_FORMAT = "dwarf-with-dsym";
				ENABLE_NS_ASSERTIONS = NO;
				ENABLE_STRICT_OBJC_MSGSEND = YES;
				GCC_C_LANGUAGE_STANDARD = gnu11;
				GCC_NO_COMMON_BLOCKS = YES;
				GCC_WARN_64_TO_32_BIT_CONVERSION = YES;
				GCC_WARN_ABOUT_RETURN_TYPE = YES_ERROR;
				GCC_WARN_UNDECLARED_SELECTOR = YES;
				GCC_WARN_UNINITIALIZED_AUTOS = YES_AGGRESSIVE;
				GCC_WARN_UNUSED_FUNCTION = YES;
				GCC_WARN_UNUSED_VARIABLE = YES;
				IPHONEOS_DEPLOYMENT_TARGET = 13.0;
				MTL_ENABLE_DEBUG_INFO = NO;
				MTL_FAST_MATH = YES;
				SDKROOT = iphoneos;
				SWIFT_COMPILATION_MODE = wholemodule;
				SWIFT_OPTIMIZATION_LEVEL = "-O";
				VALIDATE_PRODUCT = YES;
			};
			name = Release;
		};
		11DEFF5F27BEEDA900688EE4 /* Debug */ = {
			isa = XCBuildConfiguration;
			baseConfigurationReference = D6D93988BE43974F0F7D105D /* Pods-tinkoff-chat.debug.xcconfig */;
			buildSettings = {
				ASSETCATALOG_COMPILER_APPICON_NAME = AppIcon;
				ASSETCATALOG_COMPILER_GLOBAL_ACCENT_COLOR_NAME = AccentColor;
				CODE_SIGN_IDENTITY = "Apple Development";
				CODE_SIGN_STYLE = Automatic;
				CURRENT_PROJECT_VERSION = 1;
				DEVELOPMENT_TEAM = "";
				GENERATE_INFOPLIST_FILE = YES;
				INFOPLIST_FILE = "tinkoff-chat/Supporting Files/Info.plist";
				INFOPLIST_KEY_NSCameraUsageDescription = "Camera use";
				INFOPLIST_KEY_NSPhotoLibraryUsageDescription = "Library use";
				INFOPLIST_KEY_UIApplicationSupportsIndirectInputEvents = YES;
				INFOPLIST_KEY_UILaunchStoryboardName = LaunchScreen;
				INFOPLIST_KEY_UISupportedInterfaceOrientations = UIInterfaceOrientationPortrait;
				INFOPLIST_KEY_UISupportedInterfaceOrientations_iPad = "UIInterfaceOrientationPortrait UIInterfaceOrientationPortraitUpsideDown UIInterfaceOrientationLandscapeLeft UIInterfaceOrientationLandscapeRight";
				INFOPLIST_KEY_UISupportedInterfaceOrientations_iPhone = "UIInterfaceOrientationPortrait UIInterfaceOrientationLandscapeLeft UIInterfaceOrientationLandscapeRight";
				LD_RUNPATH_SEARCH_PATHS = (
					"$(inherited)",
					"@executable_path/Frameworks",
				);
				MARKETING_VERSION = 1.0;
				PRODUCT_BUNDLE_IDENTIFIER = ru.tcsbank.TinkoffChat;
				PRODUCT_NAME = "$(TARGET_NAME)";
				PROVISIONING_PROFILE_SPECIFIER = "";
				SWIFT_EMIT_LOC_STRINGS = YES;
				SWIFT_VERSION = 5.0;
				TARGETED_DEVICE_FAMILY = 1;
			};
			name = Debug;
		};
		11DEFF6027BEEDA900688EE4 /* Release */ = {
			isa = XCBuildConfiguration;
			baseConfigurationReference = 01ACE05962374C353934854E /* Pods-tinkoff-chat.release.xcconfig */;
			buildSettings = {
				ASSETCATALOG_COMPILER_APPICON_NAME = AppIcon;
				ASSETCATALOG_COMPILER_GLOBAL_ACCENT_COLOR_NAME = AccentColor;
				CODE_SIGN_IDENTITY = "Apple Development";
				CODE_SIGN_STYLE = Automatic;
				CURRENT_PROJECT_VERSION = 1;
				DEVELOPMENT_TEAM = "";
				GENERATE_INFOPLIST_FILE = YES;
				INFOPLIST_FILE = "tinkoff-chat/Supporting Files/Info.plist";
				INFOPLIST_KEY_NSCameraUsageDescription = "Camera use";
				INFOPLIST_KEY_NSPhotoLibraryUsageDescription = "Library use";
				INFOPLIST_KEY_UIApplicationSupportsIndirectInputEvents = YES;
				INFOPLIST_KEY_UILaunchStoryboardName = LaunchScreen;
				INFOPLIST_KEY_UISupportedInterfaceOrientations = UIInterfaceOrientationPortrait;
				INFOPLIST_KEY_UISupportedInterfaceOrientations_iPad = "UIInterfaceOrientationPortrait UIInterfaceOrientationPortraitUpsideDown UIInterfaceOrientationLandscapeLeft UIInterfaceOrientationLandscapeRight";
				INFOPLIST_KEY_UISupportedInterfaceOrientations_iPhone = "UIInterfaceOrientationPortrait UIInterfaceOrientationLandscapeLeft UIInterfaceOrientationLandscapeRight";
				LD_RUNPATH_SEARCH_PATHS = (
					"$(inherited)",
					"@executable_path/Frameworks",
				);
				MARKETING_VERSION = 1.0;
				PRODUCT_BUNDLE_IDENTIFIER = ru.tcsbank.TinkoffChat;
				PRODUCT_NAME = "$(TARGET_NAME)";
				PROVISIONING_PROFILE_SPECIFIER = "";
				SWIFT_EMIT_LOC_STRINGS = YES;
				SWIFT_VERSION = 5.0;
				TARGETED_DEVICE_FAMILY = 1;
			};
			name = Release;
		};
/* End XCBuildConfiguration section */

/* Begin XCConfigurationList section */
		11DEFF4527BEEDA800688EE4 /* Build configuration list for PBXProject "tinkoff-chat" */ = {
			isa = XCConfigurationList;
			buildConfigurations = (
				11DEFF5C27BEEDA900688EE4 /* Debug */,
				11DEFF5D27BEEDA900688EE4 /* Release */,
			);
			defaultConfigurationIsVisible = 0;
			defaultConfigurationName = Release;
		};
		11DEFF5E27BEEDA900688EE4 /* Build configuration list for PBXNativeTarget "tinkoff-chat" */ = {
			isa = XCConfigurationList;
			buildConfigurations = (
				11DEFF5F27BEEDA900688EE4 /* Debug */,
				11DEFF6027BEEDA900688EE4 /* Release */,
			);
			defaultConfigurationIsVisible = 0;
			defaultConfigurationName = Release;
		};
/* End XCConfigurationList section */

/* Begin XCVersionGroup section */
		1100B4FD27FF094D00A19919 /* Chat.xcdatamodeld */ = {
			isa = XCVersionGroup;
			children = (
				1100B4FE27FF094D00A19919 /* Chat.xcdatamodel */,
			);
			currentVersion = 1100B4FE27FF094D00A19919 /* Chat.xcdatamodel */;
			path = Chat.xcdatamodeld;
			sourceTree = "<group>";
			versionGroupType = wrapper.xcdatamodel;
		};
/* End XCVersionGroup section */
	};
	rootObject = 11DEFF4227BEEDA800688EE4 /* Project object */;
}
